// !$*UTF8*$!
{
	archiveVersion = 1;
	classes = {
	};
	objectVersion = 55;
	objects = {

/* Begin PBXBuildFile section */
		4787A71128192C1100248C63 /* Myanmar_Song_BookApp.swift in Sources */ = {isa = PBXBuildFile; fileRef = 4787A71028192C1100248C63 /* Myanmar_Song_BookApp.swift */; };
		4787A71328192C1100248C63 /* ContentView.swift in Sources */ = {isa = PBXBuildFile; fileRef = 4787A71228192C1100248C63 /* ContentView.swift */; };
		4787A71528192C1300248C63 /* Assets.xcassets in Resources */ = {isa = PBXBuildFile; fileRef = 4787A71428192C1300248C63 /* Assets.xcassets */; };
		4787A71828192C1300248C63 /* Preview Assets.xcassets in Resources */ = {isa = PBXBuildFile; fileRef = 4787A71728192C1300248C63 /* Preview Assets.xcassets */; };
		4787A71A28192C1300248C63 /* Persistence.swift in Sources */ = {isa = PBXBuildFile; fileRef = 4787A71928192C1300248C63 /* Persistence.swift */; };
		4787A71D28192C1300248C63 /* Myanmar_Song_Book.xcdatamodeld in Sources */ = {isa = PBXBuildFile; fileRef = 4787A71B28192C1300248C63 /* Myanmar_Song_Book.xcdatamodeld */; };
		4787A72728192C1300248C63 /* Myanmar_Song_BookTests.swift in Sources */ = {isa = PBXBuildFile; fileRef = 4787A72628192C1300248C63 /* Myanmar_Song_BookTests.swift */; };
		4787A73128192C1300248C63 /* Myanmar_Song_BookUITests.swift in Sources */ = {isa = PBXBuildFile; fileRef = 4787A73028192C1300248C63 /* Myanmar_Song_BookUITests.swift */; };
		4787A73328192C1300248C63 /* Myanmar_Song_BookUITestsLaunchTests.swift in Sources */ = {isa = PBXBuildFile; fileRef = 4787A73228192C1300248C63 /* Myanmar_Song_BookUITestsLaunchTests.swift */; };
/* End PBXBuildFile section */

/* Begin PBXContainerItemProxy section */
		4787A72328192C1300248C63 /* PBXContainerItemProxy */ = {
			isa = PBXContainerItemProxy;
			containerPortal = 4787A70528192C1100248C63 /* Project object */;
			proxyType = 1;
			remoteGlobalIDString = 4787A70C28192C1100248C63;
			remoteInfo = "Myanmar Song Book";
		};
		4787A72D28192C1300248C63 /* PBXContainerItemProxy */ = {
			isa = PBXContainerItemProxy;
			containerPortal = 4787A70528192C1100248C63 /* Project object */;
			proxyType = 1;
			remoteGlobalIDString = 4787A70C28192C1100248C63;
			remoteInfo = "Myanmar Song Book";
		};
/* End PBXContainerItemProxy section */

/* Begin PBXFileReference section */
		4787A70D28192C1100248C63 /* Myanmar Song Book.app */ = {isa = PBXFileReference; explicitFileType = wrapper.application; includeInIndex = 0; path = "Myanmar Song Book.app"; sourceTree = BUILT_PRODUCTS_DIR; };
		4787A71028192C1100248C63 /* Myanmar_Song_BookApp.swift */ = {isa = PBXFileReference; lastKnownFileType = sourcecode.swift; path = Myanmar_Song_BookApp.swift; sourceTree = "<group>"; };
		4787A71228192C1100248C63 /* ContentView.swift */ = {isa = PBXFileReference; lastKnownFileType = sourcecode.swift; path = ContentView.swift; sourceTree = "<group>"; };
		4787A71428192C1300248C63 /* Assets.xcassets */ = {isa = PBXFileReference; lastKnownFileType = folder.assetcatalog; path = Assets.xcassets; sourceTree = "<group>"; };
		4787A71728192C1300248C63 /* Preview Assets.xcassets */ = {isa = PBXFileReference; lastKnownFileType = folder.assetcatalog; path = "Preview Assets.xcassets"; sourceTree = "<group>"; };
		4787A71928192C1300248C63 /* Persistence.swift */ = {isa = PBXFileReference; lastKnownFileType = sourcecode.swift; path = Persistence.swift; sourceTree = "<group>"; };
		4787A71C28192C1300248C63 /* Myanmar_Song_Book.xcdatamodel */ = {isa = PBXFileReference; lastKnownFileType = wrapper.xcdatamodel; path = Myanmar_Song_Book.xcdatamodel; sourceTree = "<group>"; };
		4787A72228192C1300248C63 /* Myanmar Song BookTests.xctest */ = {isa = PBXFileReference; explicitFileType = wrapper.cfbundle; includeInIndex = 0; path = "Myanmar Song BookTests.xctest"; sourceTree = BUILT_PRODUCTS_DIR; };
		4787A72628192C1300248C63 /* Myanmar_Song_BookTests.swift */ = {isa = PBXFileReference; lastKnownFileType = sourcecode.swift; path = Myanmar_Song_BookTests.swift; sourceTree = "<group>"; };
		4787A72C28192C1300248C63 /* Myanmar Song BookUITests.xctest */ = {isa = PBXFileReference; explicitFileType = wrapper.cfbundle; includeInIndex = 0; path = "Myanmar Song BookUITests.xctest"; sourceTree = BUILT_PRODUCTS_DIR; };
		4787A73028192C1300248C63 /* Myanmar_Song_BookUITests.swift */ = {isa = PBXFileReference; lastKnownFileType = sourcecode.swift; path = Myanmar_Song_BookUITests.swift; sourceTree = "<group>"; };
		4787A73228192C1300248C63 /* Myanmar_Song_BookUITestsLaunchTests.swift */ = {isa = PBXFileReference; lastKnownFileType = sourcecode.swift; path = Myanmar_Song_BookUITestsLaunchTests.swift; sourceTree = "<group>"; };
/* End PBXFileReference section */

/* Begin PBXFrameworksBuildPhase section */
		4787A70A28192C1100248C63 /* Frameworks */ = {
			isa = PBXFrameworksBuildPhase;
			buildActionMask = 2147483647;
			files = (
			);
			runOnlyForDeploymentPostprocessing = 0;
		};
		4787A71F28192C1300248C63 /* Frameworks */ = {
			isa = PBXFrameworksBuildPhase;
			buildActionMask = 2147483647;
			files = (
			);
			runOnlyForDeploymentPostprocessing = 0;
		};
		4787A72928192C1300248C63 /* Frameworks */ = {
			isa = PBXFrameworksBuildPhase;
			buildActionMask = 2147483647;
			files = (
			);
			runOnlyForDeploymentPostprocessing = 0;
		};
/* End PBXFrameworksBuildPhase section */

/* Begin PBXGroup section */
		4787A70428192C1100248C63 = {
			isa = PBXGroup;
			children = (
				4787A70F28192C1100248C63 /* Myanmar Song Book */,
				4787A72528192C1300248C63 /* Myanmar Song BookTests */,
				4787A72F28192C1300248C63 /* Myanmar Song BookUITests */,
				4787A70E28192C1100248C63 /* Products */,
			);
			sourceTree = "<group>";
		};
		4787A70E28192C1100248C63 /* Products */ = {
			isa = PBXGroup;
			children = (
				4787A70D28192C1100248C63 /* Myanmar Song Book.app */,
				4787A72228192C1300248C63 /* Myanmar Song BookTests.xctest */,
				4787A72C28192C1300248C63 /* Myanmar Song BookUITests.xctest */,
			);
			name = Products;
			sourceTree = "<group>";
		};
		4787A70F28192C1100248C63 /* Myanmar Song Book */ = {
			isa = PBXGroup;
			children = (
				4787A71028192C1100248C63 /* Myanmar_Song_BookApp.swift */,
				4787A71228192C1100248C63 /* ContentView.swift */,
				4787A71428192C1300248C63 /* Assets.xcassets */,
				4787A71928192C1300248C63 /* Persistence.swift */,
				4787A71B28192C1300248C63 /* Myanmar_Song_Book.xcdatamodeld */,
				4787A71628192C1300248C63 /* Preview Content */,
			);
			path = "Myanmar Song Book";
			sourceTree = "<group>";
		};
		4787A71628192C1300248C63 /* Preview Content */ = {
			isa = PBXGroup;
			children = (
				4787A71728192C1300248C63 /* Preview Assets.xcassets */,
			);
			path = "Preview Content";
			sourceTree = "<group>";
		};
		4787A72528192C1300248C63 /* Myanmar Song BookTests */ = {
			isa = PBXGroup;
			children = (
				4787A72628192C1300248C63 /* Myanmar_Song_BookTests.swift */,
			);
			path = "Myanmar Song BookTests";
			sourceTree = "<group>";
		};
		4787A72F28192C1300248C63 /* Myanmar Song BookUITests */ = {
			isa = PBXGroup;
			children = (
				4787A73028192C1300248C63 /* Myanmar_Song_BookUITests.swift */,
				4787A73228192C1300248C63 /* Myanmar_Song_BookUITestsLaunchTests.swift */,
			);
			path = "Myanmar Song BookUITests";
			sourceTree = "<group>";
		};
/* End PBXGroup section */

/* Begin PBXNativeTarget section */
		4787A70C28192C1100248C63 /* Myanmar Song Book */ = {
			isa = PBXNativeTarget;
			buildConfigurationList = 4787A73628192C1300248C63 /* Build configuration list for PBXNativeTarget "Myanmar Song Book" */;
			buildPhases = (
				4787A70928192C1100248C63 /* Sources */,
				4787A70A28192C1100248C63 /* Frameworks */,
				4787A70B28192C1100248C63 /* Resources */,
			);
			buildRules = (
			);
			dependencies = (
			);
			name = "Myanmar Song Book";
			productName = "Myanmar Song Book";
			productReference = 4787A70D28192C1100248C63 /* Myanmar Song Book.app */;
			productType = "com.apple.product-type.application";
		};
		4787A72128192C1300248C63 /* Myanmar Song BookTests */ = {
			isa = PBXNativeTarget;
			buildConfigurationList = 4787A73928192C1300248C63 /* Build configuration list for PBXNativeTarget "Myanmar Song BookTests" */;
			buildPhases = (
				4787A71E28192C1300248C63 /* Sources */,
				4787A71F28192C1300248C63 /* Frameworks */,
				4787A72028192C1300248C63 /* Resources */,
			);
			buildRules = (
			);
			dependencies = (
				4787A72428192C1300248C63 /* PBXTargetDependency */,
			);
			name = "Myanmar Song BookTests";
			productName = "Myanmar Song BookTests";
			productReference = 4787A72228192C1300248C63 /* Myanmar Song BookTests.xctest */;
			productType = "com.apple.product-type.bundle.unit-test";
		};
		4787A72B28192C1300248C63 /* Myanmar Song BookUITests */ = {
			isa = PBXNativeTarget;
			buildConfigurationList = 4787A73C28192C1300248C63 /* Build configuration list for PBXNativeTarget "Myanmar Song BookUITests" */;
			buildPhases = (
				4787A72828192C1300248C63 /* Sources */,
				4787A72928192C1300248C63 /* Frameworks */,
				4787A72A28192C1300248C63 /* Resources */,
			);
			buildRules = (
			);
			dependencies = (
				4787A72E28192C1300248C63 /* PBXTargetDependency */,
			);
			name = "Myanmar Song BookUITests";
			productName = "Myanmar Song BookUITests";
			productReference = 4787A72C28192C1300248C63 /* Myanmar Song BookUITests.xctest */;
			productType = "com.apple.product-type.bundle.ui-testing";
		};
/* End PBXNativeTarget section */

/* Begin PBXProject section */
		4787A70528192C1100248C63 /* Project object */ = {
			isa = PBXProject;
			attributes = {
				BuildIndependentTargetsInParallel = 1;
				LastSwiftUpdateCheck = 1330;
				LastUpgradeCheck = 1330;
				TargetAttributes = {
					4787A70C28192C1100248C63 = {
						CreatedOnToolsVersion = 13.3.1;
					};
					4787A72128192C1300248C63 = {
						CreatedOnToolsVersion = 13.3.1;
						TestTargetID = 4787A70C28192C1100248C63;
					};
					4787A72B28192C1300248C63 = {
						CreatedOnToolsVersion = 13.3.1;
						TestTargetID = 4787A70C28192C1100248C63;
					};
				};
			};
			buildConfigurationList = 4787A70828192C1100248C63 /* Build configuration list for PBXProject "Myanmar Song Book" */;
			compatibilityVersion = "Xcode 13.0";
			developmentRegion = en;
			hasScannedForEncodings = 0;
			knownRegions = (
				en,
				Base,
			);
			mainGroup = 4787A70428192C1100248C63;
			productRefGroup = 4787A70E28192C1100248C63 /* Products */;
			projectDirPath = "";
			projectRoot = "";
			targets = (
				4787A70C28192C1100248C63 /* Myanmar Song Book */,
				4787A72128192C1300248C63 /* Myanmar Song BookTests */,
				4787A72B28192C1300248C63 /* Myanmar Song BookUITests */,
			);
		};
/* End PBXProject section */

/* Begin PBXResourcesBuildPhase section */
		4787A70B28192C1100248C63 /* Resources */ = {
			isa = PBXResourcesBuildPhase;
			buildActionMask = 2147483647;
			files = (
				4787A71828192C1300248C63 /* Preview Assets.xcassets in Resources */,
				4787A71528192C1300248C63 /* Assets.xcassets in Resources */,
			);
			runOnlyForDeploymentPostprocessing = 0;
		};
		4787A72028192C1300248C63 /* Resources */ = {
			isa = PBXResourcesBuildPhase;
			buildActionMask = 2147483647;
			files = (
			);
			runOnlyForDeploymentPostprocessing = 0;
		};
		4787A72A28192C1300248C63 /* Resources */ = {
			isa = PBXResourcesBuildPhase;
			buildActionMask = 2147483647;
			files = (
			);
			runOnlyForDeploymentPostprocessing = 0;
		};
/* End PBXResourcesBuildPhase section */

/* Begin PBXSourcesBuildPhase section */
		4787A70928192C1100248C63 /* Sources */ = {
			isa = PBXSourcesBuildPhase;
			buildActionMask = 2147483647;
			files = (
				4787A71A28192C1300248C63 /* Persistence.swift in Sources */,
				4787A71328192C1100248C63 /* ContentView.swift in Sources */,
				4787A71128192C1100248C63 /* Myanmar_Song_BookApp.swift in Sources */,
				4787A71D28192C1300248C63 /* Myanmar_Song_Book.xcdatamodeld in Sources */,
			);
			runOnlyForDeploymentPostprocessing = 0;
		};
		4787A71E28192C1300248C63 /* Sources */ = {
			isa = PBXSourcesBuildPhase;
			buildActionMask = 2147483647;
			files = (
				4787A72728192C1300248C63 /* Myanmar_Song_BookTests.swift in Sources */,
			);
			runOnlyForDeploymentPostprocessing = 0;
		};
		4787A72828192C1300248C63 /* Sources */ = {
			isa = PBXSourcesBuildPhase;
			buildActionMask = 2147483647;
			files = (
				4787A73328192C1300248C63 /* Myanmar_Song_BookUITestsLaunchTests.swift in Sources */,
				4787A73128192C1300248C63 /* Myanmar_Song_BookUITests.swift in Sources */,
			);
			runOnlyForDeploymentPostprocessing = 0;
		};
/* End PBXSourcesBuildPhase section */

/* Begin PBXTargetDependency section */
		4787A72428192C1300248C63 /* PBXTargetDependency */ = {
			isa = PBXTargetDependency;
			target = 4787A70C28192C1100248C63 /* Myanmar Song Book */;
			targetProxy = 4787A72328192C1300248C63 /* PBXContainerItemProxy */;
		};
		4787A72E28192C1300248C63 /* PBXTargetDependency */ = {
			isa = PBXTargetDependency;
			target = 4787A70C28192C1100248C63 /* Myanmar Song Book */;
			targetProxy = 4787A72D28192C1300248C63 /* PBXContainerItemProxy */;
		};
/* End PBXTargetDependency section */

/* Begin XCBuildConfiguration section */
		4787A73428192C1300248C63 /* Debug */ = {
			isa = XCBuildConfiguration;
			buildSettings = {
				ALWAYS_SEARCH_USER_PATHS = NO;
				CLANG_ANALYZER_NONNULL = YES;
				CLANG_ANALYZER_NUMBER_OBJECT_CONVERSION = YES_AGGRESSIVE;
				CLANG_CXX_LANGUAGE_STANDARD = "gnu++17";
				CLANG_ENABLE_MODULES = YES;
				CLANG_ENABLE_OBJC_ARC = YES;
				CLANG_ENABLE_OBJC_WEAK = YES;
				CLANG_WARN_BLOCK_CAPTURE_AUTORELEASING = YES;
				CLANG_WARN_BOOL_CONVERSION = YES;
				CLANG_WARN_COMMA = YES;
				CLANG_WARN_CONSTANT_CONVERSION = YES;
				CLANG_WARN_DEPRECATED_OBJC_IMPLEMENTATIONS = YES;
				CLANG_WARN_DIRECT_OBJC_ISA_USAGE = YES_ERROR;
				CLANG_WARN_DOCUMENTATION_COMMENTS = YES;
				CLANG_WARN_EMPTY_BODY = YES;
				CLANG_WARN_ENUM_CONVERSION = YES;
				CLANG_WARN_INFINITE_RECURSION = YES;
				CLANG_WARN_INT_CONVERSION = YES;
				CLANG_WARN_NON_LITERAL_NULL_CONVERSION = YES;
				CLANG_WARN_OBJC_IMPLICIT_RETAIN_SELF = YES;
				CLANG_WARN_OBJC_LITERAL_CONVERSION = YES;
				CLANG_WARN_OBJC_ROOT_CLASS = YES_ERROR;
				CLANG_WARN_QUOTED_INCLUDE_IN_FRAMEWORK_HEADER = YES;
				CLANG_WARN_RANGE_LOOP_ANALYSIS = YES;
				CLANG_WARN_STRICT_PROTOTYPES = YES;
				CLANG_WARN_SUSPICIOUS_MOVE = YES;
				CLANG_WARN_UNGUARDED_AVAILABILITY = YES_AGGRESSIVE;
				CLANG_WARN_UNREACHABLE_CODE = YES;
				CLANG_WARN__DUPLICATE_METHOD_MATCH = YES;
				COPY_PHASE_STRIP = NO;
				DEBUG_INFORMATION_FORMAT = dwarf;
				ENABLE_STRICT_OBJC_MSGSEND = YES;
				ENABLE_TESTABILITY = YES;
				GCC_C_LANGUAGE_STANDARD = gnu11;
				GCC_DYNAMIC_NO_PIC = NO;
				GCC_NO_COMMON_BLOCKS = YES;
				GCC_OPTIMIZATION_LEVEL = 0;
				GCC_PREPROCESSOR_DEFINITIONS = (
					"DEBUG=1",
					"$(inherited)",
				);
				GCC_WARN_64_TO_32_BIT_CONVERSION = YES;
				GCC_WARN_ABOUT_RETURN_TYPE = YES_ERROR;
				GCC_WARN_UNDECLARED_SELECTOR = YES;
				GCC_WARN_UNINITIALIZED_AUTOS = YES_AGGRESSIVE;
				GCC_WARN_UNUSED_FUNCTION = YES;
				GCC_WARN_UNUSED_VARIABLE = YES;
				IPHONEOS_DEPLOYMENT_TARGET = 15.4;
				MTL_ENABLE_DEBUG_INFO = INCLUDE_SOURCE;
				MTL_FAST_MATH = YES;
				ONLY_ACTIVE_ARCH = YES;
				SDKROOT = iphoneos;
				SWIFT_ACTIVE_COMPILATION_CONDITIONS = DEBUG;
				SWIFT_OPTIMIZATION_LEVEL = "-Onone";
			};
			name = Debug;
		};
		4787A73528192C1300248C63 /* Release */ = {
			isa = XCBuildConfiguration;
			buildSettings = {
				ALWAYS_SEARCH_USER_PATHS = NO;
				CLANG_ANALYZER_NONNULL = YES;
				CLANG_ANALYZER_NUMBER_OBJECT_CONVERSION = YES_AGGRESSIVE;
				CLANG_CXX_LANGUAGE_STANDARD = "gnu++17";
				CLANG_ENABLE_MODULES = YES;
				CLANG_ENABLE_OBJC_ARC = YES;
				CLANG_ENABLE_OBJC_WEAK = YES;
				CLANG_WARN_BLOCK_CAPTURE_AUTORELEASING = YES;
				CLANG_WARN_BOOL_CONVERSION = YES;
				CLANG_WARN_COMMA = YES;
				CLANG_WARN_CONSTANT_CONVERSION = YES;
				CLANG_WARN_DEPRECATED_OBJC_IMPLEMENTATIONS = YES;
				CLANG_WARN_DIRECT_OBJC_ISA_USAGE = YES_ERROR;
				CLANG_WARN_DOCUMENTATION_COMMENTS = YES;
				CLANG_WARN_EMPTY_BODY = YES;
				CLANG_WARN_ENUM_CONVERSION = YES;
				CLANG_WARN_INFINITE_RECURSION = YES;
				CLANG_WARN_INT_CONVERSION = YES;
				CLANG_WARN_NON_LITERAL_NULL_CONVERSION = YES;
				CLANG_WARN_OBJC_IMPLICIT_RETAIN_SELF = YES;
				CLANG_WARN_OBJC_LITERAL_CONVERSION = YES;
				CLANG_WARN_OBJC_ROOT_CLASS = YES_ERROR;
				CLANG_WARN_QUOTED_INCLUDE_IN_FRAMEWORK_HEADER = YES;
				CLANG_WARN_RANGE_LOOP_ANALYSIS = YES;
				CLANG_WARN_STRICT_PROTOTYPES = YES;
				CLANG_WARN_SUSPICIOUS_MOVE = YES;
				CLANG_WARN_UNGUARDED_AVAILABILITY = YES_AGGRESSIVE;
				CLANG_WARN_UNREACHABLE_CODE = YES;
				CLANG_WARN__DUPLICATE_METHOD_MATCH = YES;
				COPY_PHASE_STRIP = NO;
				DEBUG_INFORMATION_FORMAT = "dwarf-with-dsym";
				ENABLE_NS_ASSERTIONS = NO;
				ENABLE_STRICT_OBJC_MSGSEND = YES;
				GCC_C_LANGUAGE_STANDARD = gnu11;
				GCC_NO_COMMON_BLOCKS = YES;
				GCC_WARN_64_TO_32_BIT_CONVERSION = YES;
				GCC_WARN_ABOUT_RETURN_TYPE = YES_ERROR;
				GCC_WARN_UNDECLARED_SELECTOR = YES;
				GCC_WARN_UNINITIALIZED_AUTOS = YES_AGGRESSIVE;
				GCC_WARN_UNUSED_FUNCTION = YES;
				GCC_WARN_UNUSED_VARIABLE = YES;
				IPHONEOS_DEPLOYMENT_TARGET = 15.4;
				MTL_ENABLE_DEBUG_INFO = NO;
				MTL_FAST_MATH = YES;
				SDKROOT = iphoneos;
				SWIFT_COMPILATION_MODE = wholemodule;
				SWIFT_OPTIMIZATION_LEVEL = "-O";
				VALIDATE_PRODUCT = YES;
			};
			name = Release;
		};
		4787A73728192C1300248C63 /* Debug */ = {
			isa = XCBuildConfiguration;
			buildSettings = {
				ASSETCATALOG_COMPILER_APPICON_NAME = AppIcon;
				ASSETCATALOG_COMPILER_GLOBAL_ACCENT_COLOR_NAME = AccentColor;
				CODE_SIGN_STYLE = Automatic;
				CURRENT_PROJECT_VERSION = 1;
				DEVELOPMENT_ASSET_PATHS = "\"Myanmar Song Book/Preview Content\"";
				DEVELOPMENT_TEAM = YYK4329T78;
				ENABLE_PREVIEWS = YES;
				GENERATE_INFOPLIST_FILE = YES;
				INFOPLIST_KEY_UIApplicationSceneManifest_Generation = YES;
				INFOPLIST_KEY_UIApplicationSupportsIndirectInputEvents = YES;
				INFOPLIST_KEY_UILaunchScreen_Generation = YES;
				INFOPLIST_KEY_UISupportedInterfaceOrientations_iPad = "UIInterfaceOrientationPortrait UIInterfaceOrientationPortraitUpsideDown UIInterfaceOrientationLandscapeLeft UIInterfaceOrientationLandscapeRight";
				INFOPLIST_KEY_UISupportedInterfaceOrientations_iPhone = "UIInterfaceOrientationPortrait UIInterfaceOrientationLandscapeLeft UIInterfaceOrientationLandscapeRight";
				LD_RUNPATH_SEARCH_PATHS = (
					"$(inherited)",
					"@executable_path/Frameworks",
				);
				MARKETING_VERSION = 1.0;
				PRODUCT_BUNDLE_IDENTIFIER = "com.jonahaung.Myanmar-Song-Book";
				PRODUCT_NAME = "$(TARGET_NAME)";
				SWIFT_EMIT_LOC_STRINGS = YES;
				SWIFT_VERSION = 5.0;
				TARGETED_DEVICE_FAMILY = "1,2";
			};
			name = Debug;
		};
		4787A73828192C1300248C63 /* Release */ = {
			isa = XCBuildConfiguration;
			buildSettings = {
				ASSETCATALOG_COMPILER_APPICON_NAME = AppIcon;
				ASSETCATALOG_COMPILER_GLOBAL_ACCENT_COLOR_NAME = AccentColor;
				CODE_SIGN_STYLE = Automatic;
				CURRENT_PROJECT_VERSION = 1;
				DEVELOPMENT_ASSET_PATHS = "\"Myanmar Song Book/Preview Content\"";
				DEVELOPMENT_TEAM = YYK4329T78;
				ENABLE_PREVIEWS = YES;
				GENERATE_INFOPLIST_FILE = YES;
				INFOPLIST_KEY_UIApplicationSceneManifest_Generation = YES;
				INFOPLIST_KEY_UIApplicationSupportsIndirectInputEvents = YES;
				INFOPLIST_KEY_UILaunchScreen_Generation = YES;
				INFOPLIST_KEY_UISupportedInterfaceOrientations_iPad = "UIInterfaceOrientationPortrait UIInterfaceOrientationPortraitUpsideDown UIInterfaceOrientationLandscapeLeft UIInterfaceOrientationLandscapeRight";
				INFOPLIST_KEY_UISupportedInterfaceOrientations_iPhone = "UIInterfaceOrientationPortrait UIInterfaceOrientationLandscapeLeft UIInterfaceOrientationLandscapeRight";
				LD_RUNPATH_SEARCH_PATHS = (
					"$(inherited)",
					"@executable_path/Frameworks",
				);
				MARKETING_VERSION = 1.0;
				PRODUCT_BUNDLE_IDENTIFIER = "com.jonahaung.Myanmar-Song-Book";
				PRODUCT_NAME = "$(TARGET_NAME)";
				SWIFT_EMIT_LOC_STRINGS = YES;
				SWIFT_VERSION = 5.0;
				TARGETED_DEVICE_FAMILY = "1,2";
			};
			name = Release;
		};
		4787A73A28192C1300248C63 /* Debug */ = {
			isa = XCBuildConfiguration;
			buildSettings = {
				ALWAYS_EMBED_SWIFT_STANDARD_LIBRARIES = YES;
				BUNDLE_LOADER = "$(TEST_HOST)";
				CODE_SIGN_STYLE = Automatic;
				CURRENT_PROJECT_VERSION = 1;
				DEVELOPMENT_TEAM = YYK4329T78;
				GENERATE_INFOPLIST_FILE = YES;
				IPHONEOS_DEPLOYMENT_TARGET = 15.4;
				MARKETING_VERSION = 1.0;
				PRODUCT_BUNDLE_IDENTIFIER = "com.jonahaung.Myanmar-Song-BookTests";
				PRODUCT_NAME = "$(TARGET_NAME)";
				SWIFT_EMIT_LOC_STRINGS = NO;
				SWIFT_VERSION = 5.0;
				TARGETED_DEVICE_FAMILY = "1,2";
				TEST_HOST = "$(BUILT_PRODUCTS_DIR)/Myanmar Song Book.app/Myanmar Song Book";
			};
			name = Debug;
		};
		4787A73B28192C1300248C63 /* Release */ = {
			isa = XCBuildConfiguration;
			buildSettings = {
				ALWAYS_EMBED_SWIFT_STANDARD_LIBRARIES = YES;
				BUNDLE_LOADER = "$(TEST_HOST)";
				CODE_SIGN_STYLE = Automatic;
				CURRENT_PROJECT_VERSION = 1;
				DEVELOPMENT_TEAM = YYK4329T78;
				GENERATE_INFOPLIST_FILE = YES;
				IPHONEOS_DEPLOYMENT_TARGET = 15.4;
				MARKETING_VERSION = 1.0;
				PRODUCT_BUNDLE_IDENTIFIER = "com.jonahaung.Myanmar-Song-BookTests";
				PRODUCT_NAME = "$(TARGET_NAME)";
				SWIFT_EMIT_LOC_STRINGS = NO;
				SWIFT_VERSION = 5.0;
				TARGETED_DEVICE_FAMILY = "1,2";
				TEST_HOST = "$(BUILT_PRODUCTS_DIR)/Myanmar Song Book.app/Myanmar Song Book";
			};
			name = Release;
		};
		4787A73D28192C1300248C63 /* Debug */ = {
			isa = XCBuildConfiguration;
			buildSettings = {
				ALWAYS_EMBED_SWIFT_STANDARD_LIBRARIES = YES;
				CODE_SIGN_STYLE = Automatic;
				CURRENT_PROJECT_VERSION = 1;
				DEVELOPMENT_TEAM = YYK4329T78;
				GENERATE_INFOPLIST_FILE = YES;
				MARKETING_VERSION = 1.0;
				PRODUCT_BUNDLE_IDENTIFIER = "com.jonahaung.Myanmar-Song-BookUITests";
				PRODUCT_NAME = "$(TARGET_NAME)";
				SWIFT_EMIT_LOC_STRINGS = NO;
				SWIFT_VERSION = 5.0;
				TARGETED_DEVICE_FAMILY = "1,2";
				TEST_TARGET_NAME = "Myanmar Song Book";
			};
			name = Debug;
		};
		4787A73E28192C1300248C63 /* Release */ = {
			isa = XCBuildConfiguration;
			buildSettings = {
				ALWAYS_EMBED_SWIFT_STANDARD_LIBRARIES = YES;
				CODE_SIGN_STYLE = Automatic;
				CURRENT_PROJECT_VERSION = 1;
				DEVELOPMENT_TEAM = YYK4329T78;
				GENERATE_INFOPLIST_FILE = YES;
				MARKETING_VERSION = 1.0;
				PRODUCT_BUNDLE_IDENTIFIER = "com.jonahaung.Myanmar-Song-BookUITests";
				PRODUCT_NAME = "$(TARGET_NAME)";
				SWIFT_EMIT_LOC_STRINGS = NO;
				SWIFT_VERSION = 5.0;
				TARGETED_DEVICE_FAMILY = "1,2";
				TEST_TARGET_NAME = "Myanmar Song Book";
			};
			name = Release;
		};
/* End XCBuildConfiguration section */

/* Begin XCConfigurationList section */
		4787A70828192C1100248C63 /* Build configuration list for PBXProject "Myanmar Song Book" */ = {
			isa = XCConfigurationList;
			buildConfigurations = (
				4787A73428192C1300248C63 /* Debug */,
				4787A73528192C1300248C63 /* Release */,
			);
			defaultConfigurationIsVisible = 0;
			defaultConfigurationName = Release;
		};
		4787A73628192C1300248C63 /* Build configuration list for PBXNativeTarget "Myanmar Song Book" */ = {
			isa = XCConfigurationList;
			buildConfigurations = (
				4787A73728192C1300248C63 /* Debug */,
				4787A73828192C1300248C63 /* Release */,
			);
			defaultConfigurationIsVisible = 0;
			defaultConfigurationName = Release;
		};
		4787A73928192C1300248C63 /* Build configuration list for PBXNativeTarget "Myanmar Song BookTests" */ = {
			isa = XCConfigurationList;
			buildConfigurations = (
				4787A73A28192C1300248C63 /* Debug */,
				4787A73B28192C1300248C63 /* Release */,
			);
			defaultConfigurationIsVisible = 0;
			defaultConfigurationName = Release;
		};
		4787A73C28192C1300248C63 /* Build configuration list for PBXNativeTarget "Myanmar Song BookUITests" */ = {
			isa = XCConfigurationList;
			buildConfigurations = (
				4787A73D28192C1300248C63 /* Debug */,
				4787A73E28192C1300248C63 /* Release */,
			);
			defaultConfigurationIsVisible = 0;
			defaultConfigurationName = Release;
		};
/* End XCConfigurationList section */

/* Begin XCVersionGroup section */
		4787A71B28192C1300248C63 /* Myanmar_Song_Book.xcdatamodeld */ = {
			isa = XCVersionGroup;
			children = (
				4787A71C28192C1300248C63 /* Myanmar_Song_Book.xcdatamodel */,
			);
			currentVersion = 4787A71C28192C1300248C63 /* Myanmar_Song_Book.xcdatamodel */;
			path = Myanmar_Song_Book.xcdatamodeld;
			sourceTree = "<group>";
			versionGroupType = wrapper.xcdatamodel;
		};
/* End XCVersionGroup section */
	};
	rootObject = 4787A70528192C1100248C63 /* Project object */;
}
