// !$*UTF8*$!
{
	archiveVersion = 1;
	classes = {
	};
	objectVersion = 55;
	objects = {

/* Begin PBXBuildFile section */
		16C869633674417012F1EA14 /* Pods_Myanmar_Song_Book.framework in Frameworks */ = {isa = PBXBuildFile; fileRef = D68780E06C101940656A035D /* Pods_Myanmar_Song_Book.framework */; };
		471FADE7281F0B7200900264 /* SongImporter.swift in Sources */ = {isa = PBXBuildFile; fileRef = 471FADE6281F0B7200900264 /* SongImporter.swift */; };
		471FADFC281F1F3000900264 /* TextRecognizer.swift in Sources */ = {isa = PBXBuildFile; fileRef = 471FADEB281F1F3000900264 /* TextRecognizer.swift */; };
		471FADFD281F1F3000900264 /* OcrImageView.swift in Sources */ = {isa = PBXBuildFile; fileRef = 471FADEC281F1F3000900264 /* OcrImageView.swift */; };
		471FADFE281F1F3000900264 /* OCRImageViewModel.swift in Sources */ = {isa = PBXBuildFile; fileRef = 471FADED281F1F3000900264 /* OCRImageViewModel.swift */; };
		471FADFF281F1F3000900264 /* ImageFilterer.swift in Sources */ = {isa = PBXBuildFile; fileRef = 471FADEE281F1F3000900264 /* ImageFilterer.swift */; };
		471FAE01281F1F3000900264 /* CGPoint+Utils.swift in Sources */ = {isa = PBXBuildFile; fileRef = 471FADF3281F1F3000900264 /* CGPoint+Utils.swift */; };
		471FAE02281F1F3000900264 /* CGImagePropertyOrientation.swift in Sources */ = {isa = PBXBuildFile; fileRef = 471FADF4281F1F3000900264 /* CGImagePropertyOrientation.swift */; };
		471FAE03281F1F3000900264 /* CGAffineTransform+Utils.swift in Sources */ = {isa = PBXBuildFile; fileRef = 471FADF5281F1F3000900264 /* CGAffineTransform+Utils.swift */; };
		471FAE04281F1F3000900264 /* UIImage+Utils.swift in Sources */ = {isa = PBXBuildFile; fileRef = 471FADF6281F1F3000900264 /* UIImage+Utils.swift */; };
		471FAE05281F1F3000900264 /* QuadImageView.swift in Sources */ = {isa = PBXBuildFile; fileRef = 471FADF7281F1F3000900264 /* QuadImageView.swift */; };
		471FAE06281F1F3000900264 /* EditScanCornerView.swift in Sources */ = {isa = PBXBuildFile; fileRef = 471FADF9281F1F3000900264 /* EditScanCornerView.swift */; };
		471FAE07281F1F3000900264 /* QuadrilateralView.swift in Sources */ = {isa = PBXBuildFile; fileRef = 471FADFA281F1F3000900264 /* QuadrilateralView.swift */; };
		471FAE08281F1F3000900264 /* Quadrilateral.swift in Sources */ = {isa = PBXBuildFile; fileRef = 471FADFB281F1F3000900264 /* Quadrilateral.swift */; };
		471FAE0A281F1F6C00900264 /* ImageResizer.swift in Sources */ = {isa = PBXBuildFile; fileRef = 471FAE09281F1F6C00900264 /* ImageResizer.swift */; };
		471FAE16281F207400900264 /* tessdata in Resources */ = {isa = PBXBuildFile; fileRef = 471FAE15281F207400900264 /* tessdata */; };
		4746B71B282775DD00A401D8 /* ChordTextView.swift in Sources */ = {isa = PBXBuildFile; fileRef = 4746B71A282775DD00A401D8 /* ChordTextView.swift */; };
		4746B71D28277D9A00A401D8 /* SongLineView.swift in Sources */ = {isa = PBXBuildFile; fileRef = 4746B71C28277D9A00A401D8 /* SongLineView.swift */; };
		4746B7212827A02800A401D8 /* ViewerTextView.swift in Sources */ = {isa = PBXBuildFile; fileRef = 4746B7202827A02800A401D8 /* ViewerTextView.swift */; };
		4746B7232827A0DD00A401D8 /* ViewerAttributedTextView.swift in Sources */ = {isa = PBXBuildFile; fileRef = 4746B7222827A0DD00A401D8 /* ViewerAttributedTextView.swift */; };
		476743C1281F92E9007DFCE1 /* LyricError.swift in Sources */ = {isa = PBXBuildFile; fileRef = 476743C0281F92E9007DFCE1 /* LyricError.swift */; };
		476743C5281F97CA007DFCE1 /* CancelButton.swift in Sources */ = {isa = PBXBuildFile; fileRef = 476743C4281F97CA007DFCE1 /* CancelButton.swift */; };
		476743C9281FB098007DFCE1 /* EmbeddingInNavigationView.swift in Sources */ = {isa = PBXBuildFile; fileRef = 476743C8281FB098007DFCE1 /* EmbeddingInNavigationView.swift */; };
		476743CB281FD38E007DFCE1 /* ChordTagger.swift in Sources */ = {isa = PBXBuildFile; fileRef = 476743CA281FD38E007DFCE1 /* ChordTagger.swift */; };
		477BEACD281A6DB3005EA03E /* ViewerSessionView.swift in Sources */ = {isa = PBXBuildFile; fileRef = 477BEACC281A6DB3005EA03E /* ViewerSessionView.swift */; };
		477BEACF281A6E5E005EA03E /* ViewerViewModel.swift in Sources */ = {isa = PBXBuildFile; fileRef = 477BEACE281A6E5E005EA03E /* ViewerViewModel.swift */; };
		477D68552827443F00AAAB9F /* ComfirmButton.swift in Sources */ = {isa = PBXBuildFile; fileRef = 477D68542827443F00AAAB9F /* ComfirmButton.swift */; };
		4785B20A281FF831000D5CF0 /* AnyPicker in Frameworks */ = {isa = PBXBuildFile; productRef = 4785B209281FF831000D5CF0 /* AnyPicker */; };
		4785B20C281FFA84000D5CF0 /* XPicker.swift in Sources */ = {isa = PBXBuildFile; fileRef = 4785B20B281FFA84000D5CF0 /* XPicker.swift */; };
		4785B21028201076000D5CF0 /* SongParser.swift in Sources */ = {isa = PBXBuildFile; fileRef = 4785B20F28201076000D5CF0 /* SongParser.swift */; };
		4785B2122820357E000D5CF0 /* PlainSongParser.swift in Sources */ = {isa = PBXBuildFile; fileRef = 4785B2112820357E000D5CF0 /* PlainSongParser.swift */; };
		4785B214282035A9000D5CF0 /* GuitarChordCorrector.swift in Sources */ = {isa = PBXBuildFile; fileRef = 4785B213282035A9000D5CF0 /* GuitarChordCorrector.swift */; };
		4785B21728203940000D5CF0 /* FormatIdentifier.swift in Sources */ = {isa = PBXBuildFile; fileRef = 4785B21628203940000D5CF0 /* FormatIdentifier.swift */; };
		4785B2192820498A000D5CF0 /* +YSong.swift in Sources */ = {isa = PBXBuildFile; fileRef = 4785B2182820498A000D5CF0 /* +YSong.swift */; };
		4787A71128192C1100248C63 /* Myanmar_Song_BookApp.swift in Sources */ = {isa = PBXBuildFile; fileRef = 4787A71028192C1100248C63 /* Myanmar_Song_BookApp.swift */; };
		4787A71528192C1300248C63 /* Assets.xcassets in Resources */ = {isa = PBXBuildFile; fileRef = 4787A71428192C1300248C63 /* Assets.xcassets */; };
		4787A71828192C1300248C63 /* Preview Assets.xcassets in Resources */ = {isa = PBXBuildFile; fileRef = 4787A71728192C1300248C63 /* Preview Assets.xcassets */; };
		4787A71A28192C1300248C63 /* Persistence.swift in Sources */ = {isa = PBXBuildFile; fileRef = 4787A71928192C1300248C63 /* Persistence.swift */; };
		4787A71D28192C1300248C63 /* Myanmar_Song_Book.xcdatamodeld in Sources */ = {isa = PBXBuildFile; fileRef = 4787A71B28192C1300248C63 /* Myanmar_Song_Book.xcdatamodeld */; };
		4787A72728192C1300248C63 /* Myanmar_Song_BookTests.swift in Sources */ = {isa = PBXBuildFile; fileRef = 4787A72628192C1300248C63 /* Myanmar_Song_BookTests.swift */; };
		4787A73128192C1300248C63 /* Myanmar_Song_BookUITests.swift in Sources */ = {isa = PBXBuildFile; fileRef = 4787A73028192C1300248C63 /* Myanmar_Song_BookUITests.swift */; };
		4787A73328192C1300248C63 /* Myanmar_Song_BookUITestsLaunchTests.swift in Sources */ = {isa = PBXBuildFile; fileRef = 4787A73228192C1300248C63 /* Myanmar_Song_BookUITestsLaunchTests.swift */; };
		4787A74D28192CA400248C63 /* NotoSansMono_ExtraCondensed-Black.ttf in Resources */ = {isa = PBXBuildFile; fileRef = 4787A74328192CA400248C63 /* NotoSansMono_ExtraCondensed-Black.ttf */; };
		4787A74E28192CA400248C63 /* MyanmarAngoun.ttf in Resources */ = {isa = PBXBuildFile; fileRef = 4787A74428192CA400248C63 /* MyanmarAngoun.ttf */; };
		4787A74F28192CA400248C63 /* MyanmarSansPro.ttf in Resources */ = {isa = PBXBuildFile; fileRef = 4787A74528192CA400248C63 /* MyanmarSansPro.ttf */; };
		4787A75028192CA400248C63 /* MasterpieceSpringRev.ttf in Resources */ = {isa = PBXBuildFile; fileRef = 4787A74628192CA400248C63 /* MasterpieceSpringRev.ttf */; };
		4787A75128192CA400248C63 /* NotoSansMono_ExtraCondensed-Medium.ttf in Resources */ = {isa = PBXBuildFile; fileRef = 4787A74728192CA400248C63 /* NotoSansMono_ExtraCondensed-Medium.ttf */; };
		4787A75228192CA400248C63 /* NotoSansMono_ExtraCondensed-SemiBold.ttf in Resources */ = {isa = PBXBuildFile; fileRef = 4787A74828192CA400248C63 /* NotoSansMono_ExtraCondensed-SemiBold.ttf */; };
		4787A75328192CA400248C63 /* MyanmarSquare.ttf in Resources */ = {isa = PBXBuildFile; fileRef = 4787A74928192CA400248C63 /* MyanmarSquare.ttf */; };
		4787A75428192CA400248C63 /* NotoSansMono_ExtraCondensed-Bold.ttf in Resources */ = {isa = PBXBuildFile; fileRef = 4787A74A28192CA400248C63 /* NotoSansMono_ExtraCondensed-Bold.ttf */; };
		4787A75528192CA400248C63 /* NotoSansMono_ExtraCondensed-ExtraBold.ttf in Resources */ = {isa = PBXBuildFile; fileRef = 4787A74B28192CA400248C63 /* NotoSansMono_ExtraCondensed-ExtraBold.ttf */; };
		4787A75628192CA400248C63 /* NotoSansMono_ExtraCondensed-Regular.ttf in Resources */ = {isa = PBXBuildFile; fileRef = 4787A74C28192CA400248C63 /* NotoSansMono_ExtraCondensed-Regular.ttf */; };
		4787A75E28192DC700248C63 /* HtmlView.swift in Sources */ = {isa = PBXBuildFile; fileRef = 4787A75A28192DC700248C63 /* HtmlView.swift */; };
		4787A75F28192DC700248C63 /* FormCell.swift in Sources */ = {isa = PBXBuildFile; fileRef = 4787A75B28192DC700248C63 /* FormCell.swift */; };
		4787A76028192DC700248C63 /* PickerNavigationView.swift in Sources */ = {isa = PBXBuildFile; fileRef = 4787A75C28192DC700248C63 /* PickerNavigationView.swift */; };
		4787A76128192DC700248C63 /* PdfView.swift in Sources */ = {isa = PBXBuildFile; fileRef = 4787A75D28192DC700248C63 /* PdfView.swift */; };
		4787A76628192DDD00248C63 /* DocumentPicker.swift in Sources */ = {isa = PBXBuildFile; fileRef = 4787A76328192DDD00248C63 /* DocumentPicker.swift */; };
		4787A76728192DDD00248C63 /* DocumentScanner.swift in Sources */ = {isa = PBXBuildFile; fileRef = 4787A76428192DDD00248C63 /* DocumentScanner.swift */; };
		4787A76828192DDD00248C63 /* ImagePicker.swift in Sources */ = {isa = PBXBuildFile; fileRef = 4787A76528192DDD00248C63 /* ImagePicker.swift */; };
		4787A76C28192DEF00248C63 /* ActivityItem.swift in Sources */ = {isa = PBXBuildFile; fileRef = 4787A76A28192DEF00248C63 /* ActivityItem.swift */; };
		4787A76D28192DEF00248C63 /* ActivityView.swift in Sources */ = {isa = PBXBuildFile; fileRef = 4787A76B28192DEF00248C63 /* ActivityView.swift */; };
		4787A77128192E0800248C63 /* AutoWrap.swift in Sources */ = {isa = PBXBuildFile; fileRef = 4787A77028192E0800248C63 /* AutoWrap.swift */; };
		4787A77728192E1600248C63 /* TapToShowComfirmationDialog.swift in Sources */ = {isa = PBXBuildFile; fileRef = 4787A77328192E1600248C63 /* TapToShowComfirmationDialog.swift */; };
		4787A77828192E1600248C63 /* TapToPresentStyle.swift in Sources */ = {isa = PBXBuildFile; fileRef = 4787A77428192E1600248C63 /* TapToPresentStyle.swift */; };
		4787A77A28192E1600248C63 /* TapToPushStyle.swift in Sources */ = {isa = PBXBuildFile; fileRef = 4787A77628192E1600248C63 /* TapToPushStyle.swift */; };
		4787A78028192E1E00248C63 /* +ParagraphStyle.swift in Sources */ = {isa = PBXBuildFile; fileRef = 4787A77C28192E1E00248C63 /* +ParagraphStyle.swift */; };
		4787A78128192E1E00248C63 /* +UITextView.swift in Sources */ = {isa = PBXBuildFile; fileRef = 4787A77D28192E1E00248C63 /* +UITextView.swift */; };
		4787A78228192E1E00248C63 /* +View.swift in Sources */ = {isa = PBXBuildFile; fileRef = 4787A77E28192E1E00248C63 /* +View.swift */; };
		4787A78328192E1E00248C63 /* +String.swift in Sources */ = {isa = PBXBuildFile; fileRef = 4787A77F28192E1E00248C63 /* +String.swift */; };
		4787A78928192E3A00248C63 /* XIcon.swift in Sources */ = {isa = PBXBuildFile; fileRef = 4787A78528192E3A00248C63 /* XIcon.swift */; };
		4787A78A28192E3A00248C63 /* XFont.swift in Sources */ = {isa = PBXBuildFile; fileRef = 4787A78628192E3A00248C63 /* XFont.swift */; };
		4787A78B28192E3A00248C63 /* XColor.swift in Sources */ = {isa = PBXBuildFile; fileRef = 4787A78728192E3A00248C63 /* XColor.swift */; };
		4787A78C28192E3A00248C63 /* XApp.swift in Sources */ = {isa = PBXBuildFile; fileRef = 4787A78828192E3A00248C63 /* XApp.swift */; };
		4787A78E28192E9D00248C63 /* UserDefault.swift in Sources */ = {isa = PBXBuildFile; fileRef = 4787A78D28192E9D00248C63 /* UserDefault.swift */; };
		4787A79428192EC000248C63 /* Pdf.swift in Sources */ = {isa = PBXBuildFile; fileRef = 4787A79028192EC000248C63 /* Pdf.swift */; };
		4787A79528192EC000248C63 /* AttributedString.swift in Sources */ = {isa = PBXBuildFile; fileRef = 4787A79128192EC000248C63 /* AttributedString.swift */; };
		4787A79628192EC000248C63 /* Html.swift in Sources */ = {isa = PBXBuildFile; fileRef = 4787A79228192EC000248C63 /* Html.swift */; };
		4787A79728192EC000248C63 /* RegularExpression.swift in Sources */ = {isa = PBXBuildFile; fileRef = 4787A79328192EC000248C63 /* RegularExpression.swift */; };
		4787A79F281930AD00248C63 /* HomeSession.swift in Sources */ = {isa = PBXBuildFile; fileRef = 4787A79E281930AD00248C63 /* HomeSession.swift */; };
		4787A7A2281932DC00248C63 /* Genre.swift in Sources */ = {isa = PBXBuildFile; fileRef = 4787A7A1281932DC00248C63 /* Genre.swift */; };
		4787A7A62819333B00248C63 /* Song.swift in Sources */ = {isa = PBXBuildFile; fileRef = 4787A7A52819333B00248C63 /* Song.swift */; };
		4787A7A9281935DD00248C63 /* MySpellCorrect in Frameworks */ = {isa = PBXBuildFile; productRef = 4787A7A8281935DD00248C63 /* MySpellCorrect */; };
		4787A7AB281937BF00248C63 /* PickedItem.swift in Sources */ = {isa = PBXBuildFile; fileRef = 4787A7AA281937BF00248C63 /* PickedItem.swift */; };
		4787A7AD281938FC00248C63 /* SingerTagsView.swift in Sources */ = {isa = PBXBuildFile; fileRef = 4787A7AC281938FC00248C63 /* SingerTagsView.swift */; };
		4787A7AF2819394000248C63 /* Singers.swift in Sources */ = {isa = PBXBuildFile; fileRef = 4787A7AE2819394000248C63 /* Singers.swift */; };
		4787A7B1281939BD00248C63 /* XConstants.swift in Sources */ = {isa = PBXBuildFile; fileRef = 4787A7B0281939BD00248C63 /* XConstants.swift */; };
		4787A7B328193BB600248C63 /* XScrollView.swift in Sources */ = {isa = PBXBuildFile; fileRef = 4787A7B228193BB600248C63 /* XScrollView.swift */; };
		4787A7B528193D2E00248C63 /* XSectionView.swift in Sources */ = {isa = PBXBuildFile; fileRef = 4787A7B428193D2E00248C63 /* XSectionView.swift */; };
		4787A7B72819441E00248C63 /* GenreTagsView.swift in Sources */ = {isa = PBXBuildFile; fileRef = 4787A7B62819441E00248C63 /* GenreTagsView.swift */; };
		4787A7B92819450500248C63 /* IconTagsView.swift in Sources */ = {isa = PBXBuildFile; fileRef = 4787A7B82819450500248C63 /* IconTagsView.swift */; };
		4787A7BD2819488800248C63 /* RemoteSearchableView.swift in Sources */ = {isa = PBXBuildFile; fileRef = 4787A7BC2819488800248C63 /* RemoteSearchableView.swift */; };
		4787A7BF281948F000248C63 /* RemoteSearchViewModel.swift in Sources */ = {isa = PBXBuildFile; fileRef = 4787A7BE281948F000248C63 /* RemoteSearchViewModel.swift */; };
		4787A7C1281949FC00248C63 /* RemoteSearchContentView.swift in Sources */ = {isa = PBXBuildFile; fileRef = 4787A7C0281949FC00248C63 /* RemoteSearchContentView.swift */; };
		4787A7C328194DC300248C63 /* HomeSessionNavItemsView.swift in Sources */ = {isa = PBXBuildFile; fileRef = 4787A7C228194DC300248C63 /* HomeSessionNavItemsView.swift */; };
		4787A7C628194EC500248C63 /* CreaterSessionView.swift in Sources */ = {isa = PBXBuildFile; fileRef = 4787A7C528194EC500248C63 /* CreaterSessionView.swift */; };
		4787A7CC281950FD00248C63 /* Authenticator.swift in Sources */ = {isa = PBXBuildFile; fileRef = 4787A7CB281950FD00248C63 /* Authenticator.swift */; };
		4787A7CE281951FE00248C63 /* AuthenticateSession.swift in Sources */ = {isa = PBXBuildFile; fileRef = 4787A7CD281951FE00248C63 /* AuthenticateSession.swift */; };
		4787A7D62819547400248C63 /* CreaterViewModel.swift in Sources */ = {isa = PBXBuildFile; fileRef = 4787A7D52819547400248C63 /* CreaterViewModel.swift */; };
		4787A7DC28195AEE00248C63 /* AuthenticationChecker.swift in Sources */ = {isa = PBXBuildFile; fileRef = 4787A7DB28195AEE00248C63 /* AuthenticationChecker.swift */; };
		4787A7DE2819602C00248C63 /* CreaterForm.swift in Sources */ = {isa = PBXBuildFile; fileRef = 4787A7DD2819602C00248C63 /* CreaterForm.swift */; };
		4787A7E02819623B00248C63 /* ArtistTextField.swift in Sources */ = {isa = PBXBuildFile; fileRef = 4787A7DF2819623B00248C63 /* ArtistTextField.swift */; };
		4787A7E72819626D00248C63 /* AutoCompleteTextField.swift in Sources */ = {isa = PBXBuildFile; fileRef = 4787A7E32819626D00248C63 /* AutoCompleteTextField.swift */; };
		4787A7E82819626D00248C63 /* ACTFProtocols.swift in Sources */ = {isa = PBXBuildFile; fileRef = 4787A7E42819626D00248C63 /* ACTFProtocols.swift */; };
		4787A7E92819626D00248C63 /* ACTFLabel.swift in Sources */ = {isa = PBXBuildFile; fileRef = 4787A7E52819626D00248C63 /* ACTFLabel.swift */; };
		4787A7EA2819626D00248C63 /* AutoCompleteData.swift in Sources */ = {isa = PBXBuildFile; fileRef = 4787A7E62819626D00248C63 /* AutoCompleteData.swift */; };
		4787A7EC2819636E00248C63 /* Chord.swift in Sources */ = {isa = PBXBuildFile; fileRef = 4787A7EB2819636E00248C63 /* Chord.swift */; };
		4787A7EF2819676100248C63 /* CreaterTextView.swift in Sources */ = {isa = PBXBuildFile; fileRef = 4787A7EE2819676100248C63 /* CreaterTextView.swift */; };
		4787A7F1281968A000248C63 /* XTag.swift in Sources */ = {isa = PBXBuildFile; fileRef = 4787A7F0281968A000248C63 /* XTag.swift */; };
		4787A7F8281968D900248C63 /* Extensions.swift in Sources */ = {isa = PBXBuildFile; fileRef = 4787A7F4281968D900248C63 /* Extensions.swift */; };
		4787A7F9281968D900248C63 /* ChordsInputView.swift in Sources */ = {isa = PBXBuildFile; fileRef = 4787A7F5281968D900248C63 /* ChordsInputView.swift */; };
		4787A7FA281968D900248C63 /* ToolbarInputAccessory.swift in Sources */ = {isa = PBXBuildFile; fileRef = 4787A7F6281968D900248C63 /* ToolbarInputAccessory.swift */; };
		4787A7FB281968D900248C63 /* ChordInputCell.swift in Sources */ = {isa = PBXBuildFile; fileRef = 4787A7F7281968D900248C63 /* ChordInputCell.swift */; };
		47CF9E762827C0A7001431CF /* MainTabView.swift in Sources */ = {isa = PBXBuildFile; fileRef = 47CF9E752827C0A7001431CF /* MainTabView.swift */; };
		47CF9E792827C103001431CF /* SettingsView.swift in Sources */ = {isa = PBXBuildFile; fileRef = 47CF9E782827C103001431CF /* SettingsView.swift */; };
		47CF9E7C2827C30B001431CF /* SavedSongsView.swift in Sources */ = {isa = PBXBuildFile; fileRef = 47CF9E7B2827C30B001431CF /* SavedSongsView.swift */; };
		47CF9EB92827D0C0001431CF /* SongListCell.swift in Sources */ = {isa = PBXBuildFile; fileRef = 47CF9EB82827D0C0001431CF /* SongListCell.swift */; };
		47CF9EBB2827E9BE001431CF /* AllSongs.swift in Sources */ = {isa = PBXBuildFile; fileRef = 47CF9EBA2827E9BE001431CF /* AllSongs.swift */; };
		47CF9EBF2828346A001431CF /* SearchCell.swift in Sources */ = {isa = PBXBuildFile; fileRef = 47CF9EBE2828346A001431CF /* SearchCell.swift */; };
		47CF9EC228283B10001431CF /* SavedSearchableView.swift in Sources */ = {isa = PBXBuildFile; fileRef = 47CF9EC128283B10001431CF /* SavedSearchableView.swift */; };
		47CF9EC428283B34001431CF /* SavedSearchViewModel.swift in Sources */ = {isa = PBXBuildFile; fileRef = 47CF9EC328283B34001431CF /* SavedSearchViewModel.swift */; };
		47CF9EC628283B5E001431CF /* SavedSearchContentView.swift in Sources */ = {isa = PBXBuildFile; fileRef = 47CF9EC528283B5E001431CF /* SavedSearchContentView.swift */; };
		47CF9EC828283CCB001431CF /* SearchResult.swift in Sources */ = {isa = PBXBuildFile; fileRef = 47CF9EC728283CCB001431CF /* SearchResult.swift */; };
		47CF9ECA28283EA0001431CF /* SearchResultCell.swift in Sources */ = {isa = PBXBuildFile; fileRef = 47CF9EC928283EA0001431CF /* SearchResultCell.swift */; };
		47CF9ECD28284725001431CF /* ExplorerView.swift in Sources */ = {isa = PBXBuildFile; fileRef = 47CF9ECC28284725001431CF /* ExplorerView.swift */; };
		7B1E65055E14D34933B26A14 /* Pods_Myanmar_Song_BookTests.framework in Frameworks */ = {isa = PBXBuildFile; fileRef = EAD10515953E5848C4587BD6 /* Pods_Myanmar_Song_BookTests.framework */; };
		88126E17E3DCAEBE9ADF51EC /* Pods_Myanmar_Song_Book_Myanmar_Song_BookUITests.framework in Frameworks */ = {isa = PBXBuildFile; fileRef = 30C20F64DCF0E9A4246F6CAB /* Pods_Myanmar_Song_Book_Myanmar_Song_BookUITests.framework */; };
/* End PBXBuildFile section */

/* Begin PBXContainerItemProxy section */
		4787A72328192C1300248C63 /* PBXContainerItemProxy */ = {
			isa = PBXContainerItemProxy;
			containerPortal = 4787A70528192C1100248C63 /* Project object */;
			proxyType = 1;
			remoteGlobalIDString = 4787A70C28192C1100248C63;
			remoteInfo = "Myanmar Song Book";
		};
		4787A72D28192C1300248C63 /* PBXContainerItemProxy */ = {
			isa = PBXContainerItemProxy;
			containerPortal = 4787A70528192C1100248C63 /* Project object */;
			proxyType = 1;
			remoteGlobalIDString = 4787A70C28192C1100248C63;
			remoteInfo = "Myanmar Song Book";
		};
/* End PBXContainerItemProxy section */

/* Begin PBXFileReference section */
		30C20F64DCF0E9A4246F6CAB /* Pods_Myanmar_Song_Book_Myanmar_Song_BookUITests.framework */ = {isa = PBXFileReference; explicitFileType = wrapper.framework; includeInIndex = 0; path = Pods_Myanmar_Song_Book_Myanmar_Song_BookUITests.framework; sourceTree = BUILT_PRODUCTS_DIR; };
		46F9EBF2D78F8B264458F083 /* Pods-Myanmar Song Book-Myanmar Song BookUITests.release.xcconfig */ = {isa = PBXFileReference; includeInIndex = 1; lastKnownFileType = text.xcconfig; name = "Pods-Myanmar Song Book-Myanmar Song BookUITests.release.xcconfig"; path = "Target Support Files/Pods-Myanmar Song Book-Myanmar Song BookUITests/Pods-Myanmar Song Book-Myanmar Song BookUITests.release.xcconfig"; sourceTree = "<group>"; };
		471FADE6281F0B7200900264 /* SongImporter.swift */ = {isa = PBXFileReference; lastKnownFileType = sourcecode.swift; path = SongImporter.swift; sourceTree = "<group>"; };
		471FADEB281F1F3000900264 /* TextRecognizer.swift */ = {isa = PBXFileReference; fileEncoding = 4; lastKnownFileType = sourcecode.swift; path = TextRecognizer.swift; sourceTree = "<group>"; };
		471FADEC281F1F3000900264 /* OcrImageView.swift */ = {isa = PBXFileReference; fileEncoding = 4; lastKnownFileType = sourcecode.swift; path = OcrImageView.swift; sourceTree = "<group>"; };
		471FADED281F1F3000900264 /* OCRImageViewModel.swift */ = {isa = PBXFileReference; fileEncoding = 4; lastKnownFileType = sourcecode.swift; path = OCRImageViewModel.swift; sourceTree = "<group>"; };
		471FADEE281F1F3000900264 /* ImageFilterer.swift */ = {isa = PBXFileReference; fileEncoding = 4; lastKnownFileType = sourcecode.swift; path = ImageFilterer.swift; sourceTree = "<group>"; };
		471FADF3281F1F3000900264 /* CGPoint+Utils.swift */ = {isa = PBXFileReference; fileEncoding = 4; lastKnownFileType = sourcecode.swift; path = "CGPoint+Utils.swift"; sourceTree = "<group>"; };
		471FADF4281F1F3000900264 /* CGImagePropertyOrientation.swift */ = {isa = PBXFileReference; fileEncoding = 4; lastKnownFileType = sourcecode.swift; path = CGImagePropertyOrientation.swift; sourceTree = "<group>"; };
		471FADF5281F1F3000900264 /* CGAffineTransform+Utils.swift */ = {isa = PBXFileReference; fileEncoding = 4; lastKnownFileType = sourcecode.swift; path = "CGAffineTransform+Utils.swift"; sourceTree = "<group>"; };
		471FADF6281F1F3000900264 /* UIImage+Utils.swift */ = {isa = PBXFileReference; fileEncoding = 4; lastKnownFileType = sourcecode.swift; path = "UIImage+Utils.swift"; sourceTree = "<group>"; };
		471FADF7281F1F3000900264 /* QuadImageView.swift */ = {isa = PBXFileReference; fileEncoding = 4; lastKnownFileType = sourcecode.swift; path = QuadImageView.swift; sourceTree = "<group>"; };
		471FADF9281F1F3000900264 /* EditScanCornerView.swift */ = {isa = PBXFileReference; fileEncoding = 4; lastKnownFileType = sourcecode.swift; path = EditScanCornerView.swift; sourceTree = "<group>"; };
		471FADFA281F1F3000900264 /* QuadrilateralView.swift */ = {isa = PBXFileReference; fileEncoding = 4; lastKnownFileType = sourcecode.swift; path = QuadrilateralView.swift; sourceTree = "<group>"; };
		471FADFB281F1F3000900264 /* Quadrilateral.swift */ = {isa = PBXFileReference; fileEncoding = 4; lastKnownFileType = sourcecode.swift; path = Quadrilateral.swift; sourceTree = "<group>"; };
		471FAE09281F1F6C00900264 /* ImageResizer.swift */ = {isa = PBXFileReference; fileEncoding = 4; lastKnownFileType = sourcecode.swift; path = ImageResizer.swift; sourceTree = "<group>"; };
		471FAE15281F207400900264 /* tessdata */ = {isa = PBXFileReference; lastKnownFileType = folder; path = tessdata; sourceTree = "<group>"; };
		4746B71A282775DD00A401D8 /* ChordTextView.swift */ = {isa = PBXFileReference; lastKnownFileType = sourcecode.swift; path = ChordTextView.swift; sourceTree = "<group>"; };
		4746B71C28277D9A00A401D8 /* SongLineView.swift */ = {isa = PBXFileReference; lastKnownFileType = sourcecode.swift; path = SongLineView.swift; sourceTree = "<group>"; };
		4746B7202827A02800A401D8 /* ViewerTextView.swift */ = {isa = PBXFileReference; lastKnownFileType = sourcecode.swift; path = ViewerTextView.swift; sourceTree = "<group>"; };
		4746B7222827A0DD00A401D8 /* ViewerAttributedTextView.swift */ = {isa = PBXFileReference; lastKnownFileType = sourcecode.swift; path = ViewerAttributedTextView.swift; sourceTree = "<group>"; };
		476743C0281F92E9007DFCE1 /* LyricError.swift */ = {isa = PBXFileReference; fileEncoding = 4; lastKnownFileType = sourcecode.swift; path = LyricError.swift; sourceTree = "<group>"; };
		476743C4281F97CA007DFCE1 /* CancelButton.swift */ = {isa = PBXFileReference; lastKnownFileType = sourcecode.swift; path = CancelButton.swift; sourceTree = "<group>"; };
		476743C8281FB098007DFCE1 /* EmbeddingInNavigationView.swift */ = {isa = PBXFileReference; lastKnownFileType = sourcecode.swift; path = EmbeddingInNavigationView.swift; sourceTree = "<group>"; };
		476743CA281FD38E007DFCE1 /* ChordTagger.swift */ = {isa = PBXFileReference; lastKnownFileType = sourcecode.swift; path = ChordTagger.swift; sourceTree = "<group>"; };
		477BEACC281A6DB3005EA03E /* ViewerSessionView.swift */ = {isa = PBXFileReference; lastKnownFileType = sourcecode.swift; path = ViewerSessionView.swift; sourceTree = "<group>"; };
		477BEACE281A6E5E005EA03E /* ViewerViewModel.swift */ = {isa = PBXFileReference; lastKnownFileType = sourcecode.swift; path = ViewerViewModel.swift; sourceTree = "<group>"; };
		477D68542827443F00AAAB9F /* ComfirmButton.swift */ = {isa = PBXFileReference; lastKnownFileType = sourcecode.swift; path = ComfirmButton.swift; sourceTree = "<group>"; };
		4785B20B281FFA84000D5CF0 /* XPicker.swift */ = {isa = PBXFileReference; lastKnownFileType = sourcecode.swift; path = XPicker.swift; sourceTree = "<group>"; };
		4785B20F28201076000D5CF0 /* SongParser.swift */ = {isa = PBXFileReference; lastKnownFileType = sourcecode.swift; path = SongParser.swift; sourceTree = "<group>"; };
		4785B2112820357E000D5CF0 /* PlainSongParser.swift */ = {isa = PBXFileReference; fileEncoding = 4; lastKnownFileType = sourcecode.swift; path = PlainSongParser.swift; sourceTree = "<group>"; };
		4785B213282035A9000D5CF0 /* GuitarChordCorrector.swift */ = {isa = PBXFileReference; fileEncoding = 4; lastKnownFileType = sourcecode.swift; path = GuitarChordCorrector.swift; sourceTree = "<group>"; };
		4785B21628203940000D5CF0 /* FormatIdentifier.swift */ = {isa = PBXFileReference; lastKnownFileType = sourcecode.swift; path = FormatIdentifier.swift; sourceTree = "<group>"; };
		4785B2182820498A000D5CF0 /* +YSong.swift */ = {isa = PBXFileReference; lastKnownFileType = sourcecode.swift; path = "+YSong.swift"; sourceTree = "<group>"; };
		4787A70D28192C1100248C63 /* Myanmar Song Book.app */ = {isa = PBXFileReference; explicitFileType = wrapper.application; includeInIndex = 0; path = "Myanmar Song Book.app"; sourceTree = BUILT_PRODUCTS_DIR; };
		4787A71028192C1100248C63 /* Myanmar_Song_BookApp.swift */ = {isa = PBXFileReference; lastKnownFileType = sourcecode.swift; path = Myanmar_Song_BookApp.swift; sourceTree = "<group>"; };
		4787A71428192C1300248C63 /* Assets.xcassets */ = {isa = PBXFileReference; lastKnownFileType = folder.assetcatalog; path = Assets.xcassets; sourceTree = "<group>"; };
		4787A71728192C1300248C63 /* Preview Assets.xcassets */ = {isa = PBXFileReference; lastKnownFileType = folder.assetcatalog; path = "Preview Assets.xcassets"; sourceTree = "<group>"; };
		4787A71928192C1300248C63 /* Persistence.swift */ = {isa = PBXFileReference; lastKnownFileType = sourcecode.swift; path = Persistence.swift; sourceTree = "<group>"; };
		4787A71C28192C1300248C63 /* Myanmar_Song_Book.xcdatamodel */ = {isa = PBXFileReference; lastKnownFileType = wrapper.xcdatamodel; path = Myanmar_Song_Book.xcdatamodel; sourceTree = "<group>"; };
		4787A72228192C1300248C63 /* Myanmar Song BookTests.xctest */ = {isa = PBXFileReference; explicitFileType = wrapper.cfbundle; includeInIndex = 0; path = "Myanmar Song BookTests.xctest"; sourceTree = BUILT_PRODUCTS_DIR; };
		4787A72628192C1300248C63 /* Myanmar_Song_BookTests.swift */ = {isa = PBXFileReference; lastKnownFileType = sourcecode.swift; path = Myanmar_Song_BookTests.swift; sourceTree = "<group>"; };
		4787A72C28192C1300248C63 /* Myanmar Song BookUITests.xctest */ = {isa = PBXFileReference; explicitFileType = wrapper.cfbundle; includeInIndex = 0; path = "Myanmar Song BookUITests.xctest"; sourceTree = BUILT_PRODUCTS_DIR; };
		4787A73028192C1300248C63 /* Myanmar_Song_BookUITests.swift */ = {isa = PBXFileReference; lastKnownFileType = sourcecode.swift; path = Myanmar_Song_BookUITests.swift; sourceTree = "<group>"; };
		4787A73228192C1300248C63 /* Myanmar_Song_BookUITestsLaunchTests.swift */ = {isa = PBXFileReference; lastKnownFileType = sourcecode.swift; path = Myanmar_Song_BookUITestsLaunchTests.swift; sourceTree = "<group>"; };
		4787A74328192CA400248C63 /* NotoSansMono_ExtraCondensed-Black.ttf */ = {isa = PBXFileReference; lastKnownFileType = file; path = "NotoSansMono_ExtraCondensed-Black.ttf"; sourceTree = "<group>"; };
		4787A74428192CA400248C63 /* MyanmarAngoun.ttf */ = {isa = PBXFileReference; lastKnownFileType = file; path = MyanmarAngoun.ttf; sourceTree = "<group>"; };
		4787A74528192CA400248C63 /* MyanmarSansPro.ttf */ = {isa = PBXFileReference; lastKnownFileType = file; path = MyanmarSansPro.ttf; sourceTree = "<group>"; };
		4787A74628192CA400248C63 /* MasterpieceSpringRev.ttf */ = {isa = PBXFileReference; lastKnownFileType = file; path = MasterpieceSpringRev.ttf; sourceTree = "<group>"; };
		4787A74728192CA400248C63 /* NotoSansMono_ExtraCondensed-Medium.ttf */ = {isa = PBXFileReference; lastKnownFileType = file; path = "NotoSansMono_ExtraCondensed-Medium.ttf"; sourceTree = "<group>"; };
		4787A74828192CA400248C63 /* NotoSansMono_ExtraCondensed-SemiBold.ttf */ = {isa = PBXFileReference; lastKnownFileType = file; path = "NotoSansMono_ExtraCondensed-SemiBold.ttf"; sourceTree = "<group>"; };
		4787A74928192CA400248C63 /* MyanmarSquare.ttf */ = {isa = PBXFileReference; lastKnownFileType = file; path = MyanmarSquare.ttf; sourceTree = "<group>"; };
		4787A74A28192CA400248C63 /* NotoSansMono_ExtraCondensed-Bold.ttf */ = {isa = PBXFileReference; lastKnownFileType = file; path = "NotoSansMono_ExtraCondensed-Bold.ttf"; sourceTree = "<group>"; };
		4787A74B28192CA400248C63 /* NotoSansMono_ExtraCondensed-ExtraBold.ttf */ = {isa = PBXFileReference; lastKnownFileType = file; path = "NotoSansMono_ExtraCondensed-ExtraBold.ttf"; sourceTree = "<group>"; };
		4787A74C28192CA400248C63 /* NotoSansMono_ExtraCondensed-Regular.ttf */ = {isa = PBXFileReference; lastKnownFileType = file; path = "NotoSansMono_ExtraCondensed-Regular.ttf"; sourceTree = "<group>"; };
		4787A75728192CD500248C63 /* Myanmar-Song-Book-Info.plist */ = {isa = PBXFileReference; lastKnownFileType = text.plist; path = "Myanmar-Song-Book-Info.plist"; sourceTree = SOURCE_ROOT; };
		4787A75A28192DC700248C63 /* HtmlView.swift */ = {isa = PBXFileReference; fileEncoding = 4; lastKnownFileType = sourcecode.swift; path = HtmlView.swift; sourceTree = "<group>"; };
		4787A75B28192DC700248C63 /* FormCell.swift */ = {isa = PBXFileReference; fileEncoding = 4; lastKnownFileType = sourcecode.swift; path = FormCell.swift; sourceTree = "<group>"; };
		4787A75C28192DC700248C63 /* PickerNavigationView.swift */ = {isa = PBXFileReference; fileEncoding = 4; lastKnownFileType = sourcecode.swift; path = PickerNavigationView.swift; sourceTree = "<group>"; };
		4787A75D28192DC700248C63 /* PdfView.swift */ = {isa = PBXFileReference; fileEncoding = 4; lastKnownFileType = sourcecode.swift; path = PdfView.swift; sourceTree = "<group>"; };
		4787A76328192DDD00248C63 /* DocumentPicker.swift */ = {isa = PBXFileReference; fileEncoding = 4; lastKnownFileType = sourcecode.swift; path = DocumentPicker.swift; sourceTree = "<group>"; };
		4787A76428192DDD00248C63 /* DocumentScanner.swift */ = {isa = PBXFileReference; fileEncoding = 4; lastKnownFileType = sourcecode.swift; path = DocumentScanner.swift; sourceTree = "<group>"; };
		4787A76528192DDD00248C63 /* ImagePicker.swift */ = {isa = PBXFileReference; fileEncoding = 4; lastKnownFileType = sourcecode.swift; path = ImagePicker.swift; sourceTree = "<group>"; };
		4787A76A28192DEF00248C63 /* ActivityItem.swift */ = {isa = PBXFileReference; fileEncoding = 4; lastKnownFileType = sourcecode.swift; path = ActivityItem.swift; sourceTree = "<group>"; };
		4787A76B28192DEF00248C63 /* ActivityView.swift */ = {isa = PBXFileReference; fileEncoding = 4; lastKnownFileType = sourcecode.swift; path = ActivityView.swift; sourceTree = "<group>"; };
		4787A77028192E0800248C63 /* AutoWrap.swift */ = {isa = PBXFileReference; fileEncoding = 4; lastKnownFileType = sourcecode.swift; path = AutoWrap.swift; sourceTree = "<group>"; };
		4787A77328192E1600248C63 /* TapToShowComfirmationDialog.swift */ = {isa = PBXFileReference; fileEncoding = 4; lastKnownFileType = sourcecode.swift; path = TapToShowComfirmationDialog.swift; sourceTree = "<group>"; };
		4787A77428192E1600248C63 /* TapToPresentStyle.swift */ = {isa = PBXFileReference; fileEncoding = 4; lastKnownFileType = sourcecode.swift; path = TapToPresentStyle.swift; sourceTree = "<group>"; };
		4787A77628192E1600248C63 /* TapToPushStyle.swift */ = {isa = PBXFileReference; fileEncoding = 4; lastKnownFileType = sourcecode.swift; path = TapToPushStyle.swift; sourceTree = "<group>"; };
		4787A77C28192E1E00248C63 /* +ParagraphStyle.swift */ = {isa = PBXFileReference; fileEncoding = 4; lastKnownFileType = sourcecode.swift; path = "+ParagraphStyle.swift"; sourceTree = "<group>"; };
		4787A77D28192E1E00248C63 /* +UITextView.swift */ = {isa = PBXFileReference; fileEncoding = 4; lastKnownFileType = sourcecode.swift; path = "+UITextView.swift"; sourceTree = "<group>"; };
		4787A77E28192E1E00248C63 /* +View.swift */ = {isa = PBXFileReference; fileEncoding = 4; lastKnownFileType = sourcecode.swift; path = "+View.swift"; sourceTree = "<group>"; };
		4787A77F28192E1E00248C63 /* +String.swift */ = {isa = PBXFileReference; fileEncoding = 4; lastKnownFileType = sourcecode.swift; path = "+String.swift"; sourceTree = "<group>"; };
		4787A78528192E3A00248C63 /* XIcon.swift */ = {isa = PBXFileReference; fileEncoding = 4; lastKnownFileType = sourcecode.swift; path = XIcon.swift; sourceTree = "<group>"; };
		4787A78628192E3A00248C63 /* XFont.swift */ = {isa = PBXFileReference; fileEncoding = 4; lastKnownFileType = sourcecode.swift; path = XFont.swift; sourceTree = "<group>"; };
		4787A78728192E3A00248C63 /* XColor.swift */ = {isa = PBXFileReference; fileEncoding = 4; lastKnownFileType = sourcecode.swift; path = XColor.swift; sourceTree = "<group>"; };
		4787A78828192E3A00248C63 /* XApp.swift */ = {isa = PBXFileReference; fileEncoding = 4; lastKnownFileType = sourcecode.swift; path = XApp.swift; sourceTree = "<group>"; };
		4787A78D28192E9D00248C63 /* UserDefault.swift */ = {isa = PBXFileReference; fileEncoding = 4; lastKnownFileType = sourcecode.swift; path = UserDefault.swift; sourceTree = "<group>"; };
		4787A79028192EC000248C63 /* Pdf.swift */ = {isa = PBXFileReference; fileEncoding = 4; lastKnownFileType = sourcecode.swift; path = Pdf.swift; sourceTree = "<group>"; };
		4787A79128192EC000248C63 /* AttributedString.swift */ = {isa = PBXFileReference; fileEncoding = 4; lastKnownFileType = sourcecode.swift; path = AttributedString.swift; sourceTree = "<group>"; };
		4787A79228192EC000248C63 /* Html.swift */ = {isa = PBXFileReference; fileEncoding = 4; lastKnownFileType = sourcecode.swift; path = Html.swift; sourceTree = "<group>"; };
		4787A79328192EC000248C63 /* RegularExpression.swift */ = {isa = PBXFileReference; fileEncoding = 4; lastKnownFileType = sourcecode.swift; path = RegularExpression.swift; sourceTree = "<group>"; };
		4787A79E281930AD00248C63 /* HomeSession.swift */ = {isa = PBXFileReference; lastKnownFileType = sourcecode.swift; path = HomeSession.swift; sourceTree = "<group>"; };
		4787A7A1281932DC00248C63 /* Genre.swift */ = {isa = PBXFileReference; fileEncoding = 4; lastKnownFileType = sourcecode.swift; path = Genre.swift; sourceTree = "<group>"; };
		4787A7A52819333B00248C63 /* Song.swift */ = {isa = PBXFileReference; lastKnownFileType = sourcecode.swift; path = Song.swift; sourceTree = "<group>"; };
		4787A7AA281937BF00248C63 /* PickedItem.swift */ = {isa = PBXFileReference; fileEncoding = 4; lastKnownFileType = sourcecode.swift; path = PickedItem.swift; sourceTree = "<group>"; };
		4787A7AC281938FC00248C63 /* SingerTagsView.swift */ = {isa = PBXFileReference; lastKnownFileType = sourcecode.swift; path = SingerTagsView.swift; sourceTree = "<group>"; };
		4787A7AE2819394000248C63 /* Singers.swift */ = {isa = PBXFileReference; fileEncoding = 4; lastKnownFileType = sourcecode.swift; path = Singers.swift; sourceTree = "<group>"; };
		4787A7B0281939BD00248C63 /* XConstants.swift */ = {isa = PBXFileReference; lastKnownFileType = sourcecode.swift; path = XConstants.swift; sourceTree = "<group>"; };
		4787A7B228193BB600248C63 /* XScrollView.swift */ = {isa = PBXFileReference; lastKnownFileType = sourcecode.swift; path = XScrollView.swift; sourceTree = "<group>"; };
		4787A7B428193D2E00248C63 /* XSectionView.swift */ = {isa = PBXFileReference; lastKnownFileType = sourcecode.swift; path = XSectionView.swift; sourceTree = "<group>"; };
		4787A7B62819441E00248C63 /* GenreTagsView.swift */ = {isa = PBXFileReference; lastKnownFileType = sourcecode.swift; path = GenreTagsView.swift; sourceTree = "<group>"; };
		4787A7B82819450500248C63 /* IconTagsView.swift */ = {isa = PBXFileReference; lastKnownFileType = sourcecode.swift; path = IconTagsView.swift; sourceTree = "<group>"; };
		4787A7BC2819488800248C63 /* RemoteSearchableView.swift */ = {isa = PBXFileReference; lastKnownFileType = sourcecode.swift; path = RemoteSearchableView.swift; sourceTree = "<group>"; };
		4787A7BE281948F000248C63 /* RemoteSearchViewModel.swift */ = {isa = PBXFileReference; fileEncoding = 4; lastKnownFileType = sourcecode.swift; path = RemoteSearchViewModel.swift; sourceTree = "<group>"; };
		4787A7C0281949FC00248C63 /* RemoteSearchContentView.swift */ = {isa = PBXFileReference; lastKnownFileType = sourcecode.swift; path = RemoteSearchContentView.swift; sourceTree = "<group>"; };
		4787A7C228194DC300248C63 /* HomeSessionNavItemsView.swift */ = {isa = PBXFileReference; lastKnownFileType = sourcecode.swift; path = HomeSessionNavItemsView.swift; sourceTree = "<group>"; };
		4787A7C528194EC500248C63 /* CreaterSessionView.swift */ = {isa = PBXFileReference; lastKnownFileType = sourcecode.swift; path = CreaterSessionView.swift; sourceTree = "<group>"; };
		4787A7CB281950FD00248C63 /* Authenticator.swift */ = {isa = PBXFileReference; lastKnownFileType = sourcecode.swift; path = Authenticator.swift; sourceTree = "<group>"; };
		4787A7CD281951FE00248C63 /* AuthenticateSession.swift */ = {isa = PBXFileReference; lastKnownFileType = sourcecode.swift; path = AuthenticateSession.swift; sourceTree = "<group>"; };
		4787A7D52819547400248C63 /* CreaterViewModel.swift */ = {isa = PBXFileReference; lastKnownFileType = sourcecode.swift; path = CreaterViewModel.swift; sourceTree = "<group>"; };
		4787A7DB28195AEE00248C63 /* AuthenticationChecker.swift */ = {isa = PBXFileReference; lastKnownFileType = sourcecode.swift; path = AuthenticationChecker.swift; sourceTree = "<group>"; };
		4787A7DD2819602C00248C63 /* CreaterForm.swift */ = {isa = PBXFileReference; lastKnownFileType = sourcecode.swift; path = CreaterForm.swift; sourceTree = "<group>"; };
		4787A7DF2819623B00248C63 /* ArtistTextField.swift */ = {isa = PBXFileReference; fileEncoding = 4; lastKnownFileType = sourcecode.swift; path = ArtistTextField.swift; sourceTree = "<group>"; };
		4787A7E32819626D00248C63 /* AutoCompleteTextField.swift */ = {isa = PBXFileReference; fileEncoding = 4; lastKnownFileType = sourcecode.swift; path = AutoCompleteTextField.swift; sourceTree = "<group>"; };
		4787A7E42819626D00248C63 /* ACTFProtocols.swift */ = {isa = PBXFileReference; fileEncoding = 4; lastKnownFileType = sourcecode.swift; path = ACTFProtocols.swift; sourceTree = "<group>"; };
		4787A7E52819626D00248C63 /* ACTFLabel.swift */ = {isa = PBXFileReference; fileEncoding = 4; lastKnownFileType = sourcecode.swift; path = ACTFLabel.swift; sourceTree = "<group>"; };
		4787A7E62819626D00248C63 /* AutoCompleteData.swift */ = {isa = PBXFileReference; fileEncoding = 4; lastKnownFileType = sourcecode.swift; path = AutoCompleteData.swift; sourceTree = "<group>"; };
		4787A7EB2819636E00248C63 /* Chord.swift */ = {isa = PBXFileReference; lastKnownFileType = sourcecode.swift; path = Chord.swift; sourceTree = "<group>"; };
		4787A7EE2819676100248C63 /* CreaterTextView.swift */ = {isa = PBXFileReference; lastKnownFileType = sourcecode.swift; path = CreaterTextView.swift; sourceTree = "<group>"; };
		4787A7F0281968A000248C63 /* XTag.swift */ = {isa = PBXFileReference; fileEncoding = 4; lastKnownFileType = sourcecode.swift; path = XTag.swift; sourceTree = "<group>"; };
		4787A7F4281968D900248C63 /* Extensions.swift */ = {isa = PBXFileReference; fileEncoding = 4; lastKnownFileType = sourcecode.swift; path = Extensions.swift; sourceTree = "<group>"; };
		4787A7F5281968D900248C63 /* ChordsInputView.swift */ = {isa = PBXFileReference; fileEncoding = 4; lastKnownFileType = sourcecode.swift; path = ChordsInputView.swift; sourceTree = "<group>"; };
		4787A7F6281968D900248C63 /* ToolbarInputAccessory.swift */ = {isa = PBXFileReference; fileEncoding = 4; lastKnownFileType = sourcecode.swift; path = ToolbarInputAccessory.swift; sourceTree = "<group>"; };
		4787A7F7281968D900248C63 /* ChordInputCell.swift */ = {isa = PBXFileReference; fileEncoding = 4; lastKnownFileType = sourcecode.swift; path = ChordInputCell.swift; sourceTree = "<group>"; };
		47CF9E752827C0A7001431CF /* MainTabView.swift */ = {isa = PBXFileReference; lastKnownFileType = sourcecode.swift; path = MainTabView.swift; sourceTree = "<group>"; };
		47CF9E782827C103001431CF /* SettingsView.swift */ = {isa = PBXFileReference; lastKnownFileType = sourcecode.swift; path = SettingsView.swift; sourceTree = "<group>"; };
		47CF9E7B2827C30B001431CF /* SavedSongsView.swift */ = {isa = PBXFileReference; lastKnownFileType = sourcecode.swift; path = SavedSongsView.swift; sourceTree = "<group>"; };
		47CF9EB82827D0C0001431CF /* SongListCell.swift */ = {isa = PBXFileReference; lastKnownFileType = sourcecode.swift; path = SongListCell.swift; sourceTree = "<group>"; };
		47CF9EBA2827E9BE001431CF /* AllSongs.swift */ = {isa = PBXFileReference; lastKnownFileType = sourcecode.swift; path = AllSongs.swift; sourceTree = "<group>"; };
		47CF9EBE2828346A001431CF /* SearchCell.swift */ = {isa = PBXFileReference; lastKnownFileType = sourcecode.swift; path = SearchCell.swift; sourceTree = "<group>"; };
		47CF9EC128283B10001431CF /* SavedSearchableView.swift */ = {isa = PBXFileReference; lastKnownFileType = sourcecode.swift; path = SavedSearchableView.swift; sourceTree = "<group>"; };
		47CF9EC328283B34001431CF /* SavedSearchViewModel.swift */ = {isa = PBXFileReference; lastKnownFileType = sourcecode.swift; path = SavedSearchViewModel.swift; sourceTree = "<group>"; };
		47CF9EC528283B5E001431CF /* SavedSearchContentView.swift */ = {isa = PBXFileReference; lastKnownFileType = sourcecode.swift; path = SavedSearchContentView.swift; sourceTree = "<group>"; };
		47CF9EC728283CCB001431CF /* SearchResult.swift */ = {isa = PBXFileReference; lastKnownFileType = sourcecode.swift; path = SearchResult.swift; sourceTree = "<group>"; };
		47CF9EC928283EA0001431CF /* SearchResultCell.swift */ = {isa = PBXFileReference; lastKnownFileType = sourcecode.swift; path = SearchResultCell.swift; sourceTree = "<group>"; };
		47CF9ECC28284725001431CF /* ExplorerView.swift */ = {isa = PBXFileReference; lastKnownFileType = sourcecode.swift; path = ExplorerView.swift; sourceTree = "<group>"; };
		4824ACFF8FA1E076AD18848B /* Pods-Myanmar Song BookTests.release.xcconfig */ = {isa = PBXFileReference; includeInIndex = 1; lastKnownFileType = text.xcconfig; name = "Pods-Myanmar Song BookTests.release.xcconfig"; path = "Target Support Files/Pods-Myanmar Song BookTests/Pods-Myanmar Song BookTests.release.xcconfig"; sourceTree = "<group>"; };
		50824E835743AF3EB68A6A34 /* Pods-Myanmar Song Book.release.xcconfig */ = {isa = PBXFileReference; includeInIndex = 1; lastKnownFileType = text.xcconfig; name = "Pods-Myanmar Song Book.release.xcconfig"; path = "Target Support Files/Pods-Myanmar Song Book/Pods-Myanmar Song Book.release.xcconfig"; sourceTree = "<group>"; };
		79587C8046C3647F823C7B54 /* Pods-Myanmar Song BookTests.debug.xcconfig */ = {isa = PBXFileReference; includeInIndex = 1; lastKnownFileType = text.xcconfig; name = "Pods-Myanmar Song BookTests.debug.xcconfig"; path = "Target Support Files/Pods-Myanmar Song BookTests/Pods-Myanmar Song BookTests.debug.xcconfig"; sourceTree = "<group>"; };
		A56A1EC9F97763D9ADA2D568 /* Pods-Myanmar Song Book.debug.xcconfig */ = {isa = PBXFileReference; includeInIndex = 1; lastKnownFileType = text.xcconfig; name = "Pods-Myanmar Song Book.debug.xcconfig"; path = "Target Support Files/Pods-Myanmar Song Book/Pods-Myanmar Song Book.debug.xcconfig"; sourceTree = "<group>"; };
		D644260E9ACA5773D8A1FEE0 /* Pods-Myanmar Song Book-Myanmar Song BookUITests.debug.xcconfig */ = {isa = PBXFileReference; includeInIndex = 1; lastKnownFileType = text.xcconfig; name = "Pods-Myanmar Song Book-Myanmar Song BookUITests.debug.xcconfig"; path = "Target Support Files/Pods-Myanmar Song Book-Myanmar Song BookUITests/Pods-Myanmar Song Book-Myanmar Song BookUITests.debug.xcconfig"; sourceTree = "<group>"; };
		D68780E06C101940656A035D /* Pods_Myanmar_Song_Book.framework */ = {isa = PBXFileReference; explicitFileType = wrapper.framework; includeInIndex = 0; path = Pods_Myanmar_Song_Book.framework; sourceTree = BUILT_PRODUCTS_DIR; };
		EAD10515953E5848C4587BD6 /* Pods_Myanmar_Song_BookTests.framework */ = {isa = PBXFileReference; explicitFileType = wrapper.framework; includeInIndex = 0; path = Pods_Myanmar_Song_BookTests.framework; sourceTree = BUILT_PRODUCTS_DIR; };
/* End PBXFileReference section */

/* Begin PBXFrameworksBuildPhase section */
		4787A70A28192C1100248C63 /* Frameworks */ = {
			isa = PBXFrameworksBuildPhase;
			buildActionMask = 2147483647;
			files = (
				4785B20A281FF831000D5CF0 /* AnyPicker in Frameworks */,
				4787A7A9281935DD00248C63 /* MySpellCorrect in Frameworks */,
				16C869633674417012F1EA14 /* Pods_Myanmar_Song_Book.framework in Frameworks */,
			);
			runOnlyForDeploymentPostprocessing = 0;
		};
		4787A71F28192C1300248C63 /* Frameworks */ = {
			isa = PBXFrameworksBuildPhase;
			buildActionMask = 2147483647;
			files = (
				7B1E65055E14D34933B26A14 /* Pods_Myanmar_Song_BookTests.framework in Frameworks */,
			);
			runOnlyForDeploymentPostprocessing = 0;
		};
		4787A72928192C1300248C63 /* Frameworks */ = {
			isa = PBXFrameworksBuildPhase;
			buildActionMask = 2147483647;
			files = (
				88126E17E3DCAEBE9ADF51EC /* Pods_Myanmar_Song_Book_Myanmar_Song_BookUITests.framework in Frameworks */,
			);
			runOnlyForDeploymentPostprocessing = 0;
		};
/* End PBXFrameworksBuildPhase section */

/* Begin PBXGroup section */
		033332E7D0FF03D3FC2A39A7 /* Frameworks */ = {
			isa = PBXGroup;
			children = (
				D68780E06C101940656A035D /* Pods_Myanmar_Song_Book.framework */,
				30C20F64DCF0E9A4246F6CAB /* Pods_Myanmar_Song_Book_Myanmar_Song_BookUITests.framework */,
				EAD10515953E5848C4587BD6 /* Pods_Myanmar_Song_BookTests.framework */,
			);
			name = Frameworks;
			sourceTree = "<group>";
		};
		0DBCE1B87E890DA4E8EB5440 /* Pods */ = {
			isa = PBXGroup;
			children = (
				A56A1EC9F97763D9ADA2D568 /* Pods-Myanmar Song Book.debug.xcconfig */,
				50824E835743AF3EB68A6A34 /* Pods-Myanmar Song Book.release.xcconfig */,
				D644260E9ACA5773D8A1FEE0 /* Pods-Myanmar Song Book-Myanmar Song BookUITests.debug.xcconfig */,
				46F9EBF2D78F8B264458F083 /* Pods-Myanmar Song Book-Myanmar Song BookUITests.release.xcconfig */,
				79587C8046C3647F823C7B54 /* Pods-Myanmar Song BookTests.debug.xcconfig */,
				4824ACFF8FA1E076AD18848B /* Pods-Myanmar Song BookTests.release.xcconfig */,
			);
			path = Pods;
			sourceTree = "<group>";
		};
		471FADE5281F0B4300900264 /* Importable */ = {
			isa = PBXGroup;
			children = (
				471FADE6281F0B7200900264 /* SongImporter.swift */,
				471FADEA281F1F3000900264 /* OcrImage */,
			);
			path = Importable;
			sourceTree = "<group>";
		};
		471FADEA281F1F3000900264 /* OcrImage */ = {
			isa = PBXGroup;
			children = (
				471FADEC281F1F3000900264 /* OcrImageView.swift */,
				471FAE1A281F43D600900264 /* Utilities */,
				471FADED281F1F3000900264 /* OCRImageViewModel.swift */,
				471FADF1281F1F3000900264 /* QuadImageView */,
			);
			path = OcrImage;
			sourceTree = "<group>";
		};
		471FADF1281F1F3000900264 /* QuadImageView */ = {
			isa = PBXGroup;
			children = (
				471FADF7281F1F3000900264 /* QuadImageView.swift */,
			);
			path = QuadImageView;
			sourceTree = "<group>";
		};
		471FADF2281F1F3000900264 /* Extensions */ = {
			isa = PBXGroup;
			children = (
				471FADF3281F1F3000900264 /* CGPoint+Utils.swift */,
				471FADF4281F1F3000900264 /* CGImagePropertyOrientation.swift */,
				471FADF5281F1F3000900264 /* CGAffineTransform+Utils.swift */,
				471FADF6281F1F3000900264 /* UIImage+Utils.swift */,
			);
			path = Extensions;
			sourceTree = "<group>";
		};
		471FADF8281F1F3000900264 /* Quadrilateral */ = {
			isa = PBXGroup;
			children = (
				471FADF9281F1F3000900264 /* EditScanCornerView.swift */,
				471FADFA281F1F3000900264 /* QuadrilateralView.swift */,
				471FADFB281F1F3000900264 /* Quadrilateral.swift */,
			);
			path = Quadrilateral;
			sourceTree = "<group>";
		};
		471FAE1A281F43D600900264 /* Utilities */ = {
			isa = PBXGroup;
			children = (
				471FADF2281F1F3000900264 /* Extensions */,
				471FADF8281F1F3000900264 /* Quadrilateral */,
				471FAE09281F1F6C00900264 /* ImageResizer.swift */,
				471FADEB281F1F3000900264 /* TextRecognizer.swift */,
				471FADEE281F1F3000900264 /* ImageFilterer.swift */,
			);
			path = Utilities;
			sourceTree = "<group>";
		};
		4746B71E28279FAA00A401D8 /* Default */ = {
			isa = PBXGroup;
			children = (
				477BEACC281A6DB3005EA03E /* ViewerSessionView.swift */,
				4746B71C28277D9A00A401D8 /* SongLineView.swift */,
				4746B71A282775DD00A401D8 /* ChordTextView.swift */,
				477BEACE281A6E5E005EA03E /* ViewerViewModel.swift */,
			);
			path = Default;
			sourceTree = "<group>";
		};
		4746B71F28279FB700A401D8 /* AttributedTextView */ = {
			isa = PBXGroup;
			children = (
				4746B7202827A02800A401D8 /* ViewerTextView.swift */,
				4746B7222827A0DD00A401D8 /* ViewerAttributedTextView.swift */,
			);
			path = AttributedTextView;
			sourceTree = "<group>";
		};
		4785B21528203916000D5CF0 /* Parser */ = {
			isa = PBXGroup;
			children = (
				4785B20F28201076000D5CF0 /* SongParser.swift */,
				4785B2112820357E000D5CF0 /* PlainSongParser.swift */,
				4785B21628203940000D5CF0 /* FormatIdentifier.swift */,
			);
			path = Parser;
			sourceTree = "<group>";
		};
		4787A70428192C1100248C63 = {
			isa = PBXGroup;
			children = (
				4787A70F28192C1100248C63 /* Myanmar Song Book */,
				4787A72528192C1300248C63 /* Myanmar Song BookTests */,
				4787A72F28192C1300248C63 /* Myanmar Song BookUITests */,
				4787A70E28192C1100248C63 /* Products */,
				0DBCE1B87E890DA4E8EB5440 /* Pods */,
				033332E7D0FF03D3FC2A39A7 /* Frameworks */,
			);
			sourceTree = "<group>";
		};
		4787A70E28192C1100248C63 /* Products */ = {
			isa = PBXGroup;
			children = (
				4787A70D28192C1100248C63 /* Myanmar Song Book.app */,
				4787A72228192C1300248C63 /* Myanmar Song BookTests.xctest */,
				4787A72C28192C1300248C63 /* Myanmar Song BookUITests.xctest */,
			);
			name = Products;
			sourceTree = "<group>";
		};
		4787A70F28192C1100248C63 /* Myanmar Song Book */ = {
			isa = PBXGroup;
			children = (
				471FAE15281F207400900264 /* tessdata */,
				4787A75728192CD500248C63 /* Myanmar-Song-Book-Info.plist */,
				4787A79828192FD100248C63 /* Sections */,
				4787A7A3281932F400248C63 /* Song */,
				4787A7A02819323100248C63 /* Models */,
				4787A73F28192C3900248C63 /* Root */,
				4787A74128192C5300248C63 /* Resources */,
				4787A74028192C4500248C63 /* Database */,
				4787A71628192C1300248C63 /* Preview Content */,
			);
			path = "Myanmar Song Book";
			sourceTree = "<group>";
		};
		4787A71628192C1300248C63 /* Preview Content */ = {
			isa = PBXGroup;
			children = (
				4787A71728192C1300248C63 /* Preview Assets.xcassets */,
			);
			path = "Preview Content";
			sourceTree = "<group>";
		};
		4787A72528192C1300248C63 /* Myanmar Song BookTests */ = {
			isa = PBXGroup;
			children = (
				4787A72628192C1300248C63 /* Myanmar_Song_BookTests.swift */,
			);
			path = "Myanmar Song BookTests";
			sourceTree = "<group>";
		};
		4787A72F28192C1300248C63 /* Myanmar Song BookUITests */ = {
			isa = PBXGroup;
			children = (
				4787A73028192C1300248C63 /* Myanmar_Song_BookUITests.swift */,
				4787A73228192C1300248C63 /* Myanmar_Song_BookUITestsLaunchTests.swift */,
			);
			path = "Myanmar Song BookUITests";
			sourceTree = "<group>";
		};
		4787A73F28192C3900248C63 /* Root */ = {
			isa = PBXGroup;
			children = (
				4787A71028192C1100248C63 /* Myanmar_Song_BookApp.swift */,
				47CF9E752827C0A7001431CF /* MainTabView.swift */,
			);
			path = Root;
			sourceTree = "<group>";
		};
		4787A74028192C4500248C63 /* Database */ = {
			isa = PBXGroup;
			children = (
				4787A7AE2819394000248C63 /* Singers.swift */,
				4787A71928192C1300248C63 /* Persistence.swift */,
				4785B2182820498A000D5CF0 /* +YSong.swift */,
				4787A71B28192C1300248C63 /* Myanmar_Song_Book.xcdatamodeld */,
			);
			path = Database;
			sourceTree = "<group>";
		};
		4787A74128192C5300248C63 /* Resources */ = {
			isa = PBXGroup;
			children = (
				4787A74228192C5F00248C63 /* Fonts */,
				4787A71428192C1300248C63 /* Assets.xcassets */,
			);
			path = Resources;
			sourceTree = "<group>";
		};
		4787A74228192C5F00248C63 /* Fonts */ = {
			isa = PBXGroup;
			children = (
				4787A74628192CA400248C63 /* MasterpieceSpringRev.ttf */,
				4787A74428192CA400248C63 /* MyanmarAngoun.ttf */,
				4787A74528192CA400248C63 /* MyanmarSansPro.ttf */,
				4787A74928192CA400248C63 /* MyanmarSquare.ttf */,
				4787A74328192CA400248C63 /* NotoSansMono_ExtraCondensed-Black.ttf */,
				4787A74A28192CA400248C63 /* NotoSansMono_ExtraCondensed-Bold.ttf */,
				4787A74B28192CA400248C63 /* NotoSansMono_ExtraCondensed-ExtraBold.ttf */,
				4787A74728192CA400248C63 /* NotoSansMono_ExtraCondensed-Medium.ttf */,
				4787A74C28192CA400248C63 /* NotoSansMono_ExtraCondensed-Regular.ttf */,
				4787A74828192CA400248C63 /* NotoSansMono_ExtraCondensed-SemiBold.ttf */,
			);
			path = Fonts;
			sourceTree = "<group>";
		};
		4787A75828192D8D00248C63 /* Utilities */ = {
			isa = PBXGroup;
			children = (
				4787A78F28192EA300248C63 /* Common */,
				4787A77B28192E1E00248C63 /* Extensions */,
				4787A77228192E1600248C63 /* ViewModifiers */,
				4787A76228192DD000248C63 /* Pickers */,
				4787A75928192DAF00248C63 /* Views */,
			);
			path = Utilities;
			sourceTree = "<group>";
		};
		4787A75928192DAF00248C63 /* Views */ = {
			isa = PBXGroup;
			children = (
				4787A78428192E2900248C63 /* X */,
				4787A7E22819626D00248C63 /* AutoCompleteTextField */,
				4787A76928192DEF00248C63 /* ActivityView */,
				4787A75B28192DC700248C63 /* FormCell.swift */,
				4787A75A28192DC700248C63 /* HtmlView.swift */,
				4787A75D28192DC700248C63 /* PdfView.swift */,
				4787A75C28192DC700248C63 /* PickerNavigationView.swift */,
				4787A7B228193BB600248C63 /* XScrollView.swift */,
				4787A7B428193D2E00248C63 /* XSectionView.swift */,
				4787A77028192E0800248C63 /* AutoWrap.swift */,
				476743C4281F97CA007DFCE1 /* CancelButton.swift */,
				477D68542827443F00AAAB9F /* ComfirmButton.swift */,
			);
			path = Views;
			sourceTree = "<group>";
		};
		4787A76228192DD000248C63 /* Pickers */ = {
			isa = PBXGroup;
			children = (
				4787A7AA281937BF00248C63 /* PickedItem.swift */,
				4787A76328192DDD00248C63 /* DocumentPicker.swift */,
				4787A76428192DDD00248C63 /* DocumentScanner.swift */,
				4787A76528192DDD00248C63 /* ImagePicker.swift */,
				4785B20B281FFA84000D5CF0 /* XPicker.swift */,
			);
			path = Pickers;
			sourceTree = "<group>";
		};
		4787A76928192DEF00248C63 /* ActivityView */ = {
			isa = PBXGroup;
			children = (
				4787A76A28192DEF00248C63 /* ActivityItem.swift */,
				4787A76B28192DEF00248C63 /* ActivityView.swift */,
			);
			path = ActivityView;
			sourceTree = "<group>";
		};
		4787A77228192E1600248C63 /* ViewModifiers */ = {
			isa = PBXGroup;
			children = (
				4787A77328192E1600248C63 /* TapToShowComfirmationDialog.swift */,
				4787A77428192E1600248C63 /* TapToPresentStyle.swift */,
				4787A77628192E1600248C63 /* TapToPushStyle.swift */,
				476743C8281FB098007DFCE1 /* EmbeddingInNavigationView.swift */,
			);
			path = ViewModifiers;
			sourceTree = "<group>";
		};
		4787A77B28192E1E00248C63 /* Extensions */ = {
			isa = PBXGroup;
			children = (
				4787A77C28192E1E00248C63 /* +ParagraphStyle.swift */,
				4787A77D28192E1E00248C63 /* +UITextView.swift */,
				4787A77E28192E1E00248C63 /* +View.swift */,
				4787A77F28192E1E00248C63 /* +String.swift */,
			);
			path = Extensions;
			sourceTree = "<group>";
		};
		4787A78428192E2900248C63 /* X */ = {
			isa = PBXGroup;
			children = (
				4787A78D28192E9D00248C63 /* UserDefault.swift */,
				4787A78828192E3A00248C63 /* XApp.swift */,
				4787A78728192E3A00248C63 /* XColor.swift */,
				4787A78628192E3A00248C63 /* XFont.swift */,
				4787A78528192E3A00248C63 /* XIcon.swift */,
				4787A7B0281939BD00248C63 /* XConstants.swift */,
			);
			path = X;
			sourceTree = "<group>";
		};
		4787A78F28192EA300248C63 /* Common */ = {
			isa = PBXGroup;
			children = (
				476743C0281F92E9007DFCE1 /* LyricError.swift */,
				4787A79128192EC000248C63 /* AttributedString.swift */,
				4787A79228192EC000248C63 /* Html.swift */,
				4787A79028192EC000248C63 /* Pdf.swift */,
				4787A79328192EC000248C63 /* RegularExpression.swift */,
			);
			path = Common;
			sourceTree = "<group>";
		};
		4787A79828192FD100248C63 /* Sections */ = {
			isa = PBXGroup;
			children = (
				47CF9ECB2828470D001431CF /* Explorer */,
				47CF9E7A2827C2EE001431CF /* Saved */,
				47CF9E772827C0F4001431CF /* Settings */,
				4787A79B2819306000248C63 /* Creater */,
				4787A7CF2819520A00248C63 /* Authenticate */,
				4787A75828192D8D00248C63 /* Utilities */,
				4787A79A2819305500248C63 /* Viewer */,
				4787A7992819304A00248C63 /* Home */,
			);
			path = Sections;
			sourceTree = "<group>";
		};
		4787A7992819304A00248C63 /* Home */ = {
			isa = PBXGroup;
			children = (
				4787A79E281930AD00248C63 /* HomeSession.swift */,
				4787A7BB2819486600248C63 /* Search */,
				4787A7BA2819485500248C63 /* Views */,
			);
			path = Home;
			sourceTree = "<group>";
		};
		4787A79A2819305500248C63 /* Viewer */ = {
			isa = PBXGroup;
			children = (
				4746B71F28279FB700A401D8 /* AttributedTextView */,
				4746B71E28279FAA00A401D8 /* Default */,
			);
			path = Viewer;
			sourceTree = "<group>";
		};
		4787A79B2819306000248C63 /* Creater */ = {
			isa = PBXGroup;
			children = (
				4787A7C528194EC500248C63 /* CreaterSessionView.swift */,
				4787A7DD2819602C00248C63 /* CreaterForm.swift */,
				4787A7D52819547400248C63 /* CreaterViewModel.swift */,
				4787A7D72819549400248C63 /* LyricSession */,
				4787A7D42819545500248C63 /* FormSession */,
			);
			path = Creater;
			sourceTree = "<group>";
		};
		4787A7A02819323100248C63 /* Models */ = {
			isa = PBXGroup;
			children = (
				4787A7F0281968A000248C63 /* XTag.swift */,
				4787A7A1281932DC00248C63 /* Genre.swift */,
			);
			path = Models;
			sourceTree = "<group>";
		};
		4787A7A3281932F400248C63 /* Song */ = {
			isa = PBXGroup;
			children = (
				4787A7A42819330A00248C63 /* Models */,
				476743CA281FD38E007DFCE1 /* ChordTagger.swift */,
				4785B21528203916000D5CF0 /* Parser */,
				4785B213282035A9000D5CF0 /* GuitarChordCorrector.swift */,
			);
			path = Song;
			sourceTree = "<group>";
		};
		4787A7A42819330A00248C63 /* Models */ = {
			isa = PBXGroup;
			children = (
				4787A7A52819333B00248C63 /* Song.swift */,
				4787A7EB2819636E00248C63 /* Chord.swift */,
			);
			path = Models;
			sourceTree = "<group>";
		};
		4787A7BA2819485500248C63 /* Views */ = {
			isa = PBXGroup;
			children = (
				4787A7C228194DC300248C63 /* HomeSessionNavItemsView.swift */,
				4787A7AC281938FC00248C63 /* SingerTagsView.swift */,
				4787A7B62819441E00248C63 /* GenreTagsView.swift */,
				4787A7B82819450500248C63 /* IconTagsView.swift */,
			);
			path = Views;
			sourceTree = "<group>";
		};
		4787A7BB2819486600248C63 /* Search */ = {
			isa = PBXGroup;
			children = (
				4787A7BC2819488800248C63 /* RemoteSearchableView.swift */,
				4787A7BE281948F000248C63 /* RemoteSearchViewModel.swift */,
				4787A7C0281949FC00248C63 /* RemoteSearchContentView.swift */,
				47CF9EBE2828346A001431CF /* SearchCell.swift */,
				47CF9EC728283CCB001431CF /* SearchResult.swift */,
				47CF9EC928283EA0001431CF /* SearchResultCell.swift */,
			);
			path = Search;
			sourceTree = "<group>";
		};
		4787A7CF2819520A00248C63 /* Authenticate */ = {
			isa = PBXGroup;
			children = (
				4787A7CD281951FE00248C63 /* AuthenticateSession.swift */,
				4787A7CB281950FD00248C63 /* Authenticator.swift */,
				4787A7DA28195AC200248C63 /* AuthenticationChecker */,
			);
			path = Authenticate;
			sourceTree = "<group>";
		};
		4787A7D42819545500248C63 /* FormSession */ = {
			isa = PBXGroup;
			children = (
				4787A7DF2819623B00248C63 /* ArtistTextField.swift */,
			);
			path = FormSession;
			sourceTree = "<group>";
		};
		4787A7D72819549400248C63 /* LyricSession */ = {
			isa = PBXGroup;
			children = (
				471FADE5281F0B4300900264 /* Importable */,
				4787A7ED2819674800248C63 /* Views */,
			);
			path = LyricSession;
			sourceTree = "<group>";
		};
		4787A7DA28195AC200248C63 /* AuthenticationChecker */ = {
			isa = PBXGroup;
			children = (
				4787A7DB28195AEE00248C63 /* AuthenticationChecker.swift */,
			);
			path = AuthenticationChecker;
			sourceTree = "<group>";
		};
		4787A7E22819626D00248C63 /* AutoCompleteTextField */ = {
			isa = PBXGroup;
			children = (
				4787A7E32819626D00248C63 /* AutoCompleteTextField.swift */,
				4787A7E42819626D00248C63 /* ACTFProtocols.swift */,
				4787A7E52819626D00248C63 /* ACTFLabel.swift */,
				4787A7E62819626D00248C63 /* AutoCompleteData.swift */,
			);
			path = AutoCompleteTextField;
			sourceTree = "<group>";
		};
		4787A7ED2819674800248C63 /* Views */ = {
			isa = PBXGroup;
			children = (
				4787A7F2281968CA00248C63 /* TextVeiw */,
			);
			path = Views;
			sourceTree = "<group>";
		};
		4787A7F2281968CA00248C63 /* TextVeiw */ = {
			isa = PBXGroup;
			children = (
				4787A7EE2819676100248C63 /* CreaterTextView.swift */,
				4787A7F3281968D900248C63 /* ToolBar */,
			);
			path = TextVeiw;
			sourceTree = "<group>";
		};
		4787A7F3281968D900248C63 /* ToolBar */ = {
			isa = PBXGroup;
			children = (
				4787A7F4281968D900248C63 /* Extensions.swift */,
				4787A7F5281968D900248C63 /* ChordsInputView.swift */,
				4787A7F6281968D900248C63 /* ToolbarInputAccessory.swift */,
				4787A7F7281968D900248C63 /* ChordInputCell.swift */,
			);
			path = ToolBar;
			sourceTree = "<group>";
		};
		47CF9E772827C0F4001431CF /* Settings */ = {
			isa = PBXGroup;
			children = (
				47CF9E782827C103001431CF /* SettingsView.swift */,
			);
			path = Settings;
			sourceTree = "<group>";
		};
		47CF9E7A2827C2EE001431CF /* Saved */ = {
			isa = PBXGroup;
			children = (
				47CF9E7B2827C30B001431CF /* SavedSongsView.swift */,
				47CF9EB82827D0C0001431CF /* SongListCell.swift */,
				47CF9EBA2827E9BE001431CF /* AllSongs.swift */,
				47CF9EC028283AED001431CF /* Search */,
			);
			path = Saved;
			sourceTree = "<group>";
		};
		47CF9EC028283AED001431CF /* Search */ = {
			isa = PBXGroup;
			children = (
				47CF9EC128283B10001431CF /* SavedSearchableView.swift */,
				47CF9EC328283B34001431CF /* SavedSearchViewModel.swift */,
				47CF9EC528283B5E001431CF /* SavedSearchContentView.swift */,
			);
			path = Search;
			sourceTree = "<group>";
		};
		47CF9ECB2828470D001431CF /* Explorer */ = {
			isa = PBXGroup;
			children = (
				47CF9ECC28284725001431CF /* ExplorerView.swift */,
			);
			path = Explorer;
			sourceTree = "<group>";
		};
/* End PBXGroup section */

/* Begin PBXNativeTarget section */
		4787A70C28192C1100248C63 /* Myanmar Song Book */ = {
			isa = PBXNativeTarget;
			buildConfigurationList = 4787A73628192C1300248C63 /* Build configuration list for PBXNativeTarget "Myanmar Song Book" */;
			buildPhases = (
				8E3B30E98E6EC47C9ABC8BAE /* [CP] Check Pods Manifest.lock */,
				4787A70928192C1100248C63 /* Sources */,
				4787A70A28192C1100248C63 /* Frameworks */,
				4787A70B28192C1100248C63 /* Resources */,
				AB9D0C7A74A14B304E92B31F /* [CP] Embed Pods Frameworks */,
			);
			buildRules = (
			);
			dependencies = (
			);
			name = "Myanmar Song Book";
			packageProductDependencies = (
				4787A7A8281935DD00248C63 /* MySpellCorrect */,
				4785B209281FF831000D5CF0 /* AnyPicker */,
			);
			productName = "Myanmar Song Book";
			productReference = 4787A70D28192C1100248C63 /* Myanmar Song Book.app */;
			productType = "com.apple.product-type.application";
		};
		4787A72128192C1300248C63 /* Myanmar Song BookTests */ = {
			isa = PBXNativeTarget;
			buildConfigurationList = 4787A73928192C1300248C63 /* Build configuration list for PBXNativeTarget "Myanmar Song BookTests" */;
			buildPhases = (
				FAF8C49D1747B19DF60183D1 /* [CP] Check Pods Manifest.lock */,
				4787A71E28192C1300248C63 /* Sources */,
				4787A71F28192C1300248C63 /* Frameworks */,
				4787A72028192C1300248C63 /* Resources */,
			);
			buildRules = (
			);
			dependencies = (
				4787A72428192C1300248C63 /* PBXTargetDependency */,
			);
			name = "Myanmar Song BookTests";
			productName = "Myanmar Song BookTests";
			productReference = 4787A72228192C1300248C63 /* Myanmar Song BookTests.xctest */;
			productType = "com.apple.product-type.bundle.unit-test";
		};
		4787A72B28192C1300248C63 /* Myanmar Song BookUITests */ = {
			isa = PBXNativeTarget;
			buildConfigurationList = 4787A73C28192C1300248C63 /* Build configuration list for PBXNativeTarget "Myanmar Song BookUITests" */;
			buildPhases = (
				7AF96C3B4140E9D91BEDB60D /* [CP] Check Pods Manifest.lock */,
				4787A72828192C1300248C63 /* Sources */,
				4787A72928192C1300248C63 /* Frameworks */,
				4787A72A28192C1300248C63 /* Resources */,
				E2039642C5D11334786F2268 /* [CP] Embed Pods Frameworks */,
			);
			buildRules = (
			);
			dependencies = (
				4787A72E28192C1300248C63 /* PBXTargetDependency */,
			);
			name = "Myanmar Song BookUITests";
			productName = "Myanmar Song BookUITests";
			productReference = 4787A72C28192C1300248C63 /* Myanmar Song BookUITests.xctest */;
			productType = "com.apple.product-type.bundle.ui-testing";
		};
/* End PBXNativeTarget section */

/* Begin PBXProject section */
		4787A70528192C1100248C63 /* Project object */ = {
			isa = PBXProject;
			attributes = {
				BuildIndependentTargetsInParallel = 1;
				LastSwiftUpdateCheck = 1330;
				LastUpgradeCheck = 1330;
				TargetAttributes = {
					4787A70C28192C1100248C63 = {
						CreatedOnToolsVersion = 13.3.1;
					};
					4787A72128192C1300248C63 = {
						CreatedOnToolsVersion = 13.3.1;
						TestTargetID = 4787A70C28192C1100248C63;
					};
					4787A72B28192C1300248C63 = {
						CreatedOnToolsVersion = 13.3.1;
						TestTargetID = 4787A70C28192C1100248C63;
					};
				};
			};
			buildConfigurationList = 4787A70828192C1100248C63 /* Build configuration list for PBXProject "Myanmar Song Book" */;
			compatibilityVersion = "Xcode 13.0";
			developmentRegion = en;
			hasScannedForEncodings = 0;
			knownRegions = (
				en,
				Base,
			);
			mainGroup = 4787A70428192C1100248C63;
			packageReferences = (
				4787A7A7281935DD00248C63 /* XCRemoteSwiftPackageReference "MySpellCorrect" */,
				4785B208281FF831000D5CF0 /* XCRemoteSwiftPackageReference "AnyPicker" */,
			);
			productRefGroup = 4787A70E28192C1100248C63 /* Products */;
			projectDirPath = "";
			projectRoot = "";
			targets = (
				4787A70C28192C1100248C63 /* Myanmar Song Book */,
				4787A72128192C1300248C63 /* Myanmar Song BookTests */,
				4787A72B28192C1300248C63 /* Myanmar Song BookUITests */,
			);
		};
/* End PBXProject section */

/* Begin PBXResourcesBuildPhase section */
		4787A70B28192C1100248C63 /* Resources */ = {
			isa = PBXResourcesBuildPhase;
			buildActionMask = 2147483647;
			files = (
				4787A75528192CA400248C63 /* NotoSansMono_ExtraCondensed-ExtraBold.ttf in Resources */,
				4787A75028192CA400248C63 /* MasterpieceSpringRev.ttf in Resources */,
				471FAE16281F207400900264 /* tessdata in Resources */,
				4787A71828192C1300248C63 /* Preview Assets.xcassets in Resources */,
				4787A75328192CA400248C63 /* MyanmarSquare.ttf in Resources */,
				4787A71528192C1300248C63 /* Assets.xcassets in Resources */,
				4787A75428192CA400248C63 /* NotoSansMono_ExtraCondensed-Bold.ttf in Resources */,
				4787A75628192CA400248C63 /* NotoSansMono_ExtraCondensed-Regular.ttf in Resources */,
				4787A74F28192CA400248C63 /* MyanmarSansPro.ttf in Resources */,
				4787A75228192CA400248C63 /* NotoSansMono_ExtraCondensed-SemiBold.ttf in Resources */,
				4787A74E28192CA400248C63 /* MyanmarAngoun.ttf in Resources */,
				4787A74D28192CA400248C63 /* NotoSansMono_ExtraCondensed-Black.ttf in Resources */,
				4787A75128192CA400248C63 /* NotoSansMono_ExtraCondensed-Medium.ttf in Resources */,
			);
			runOnlyForDeploymentPostprocessing = 0;
		};
		4787A72028192C1300248C63 /* Resources */ = {
			isa = PBXResourcesBuildPhase;
			buildActionMask = 2147483647;
			files = (
			);
			runOnlyForDeploymentPostprocessing = 0;
		};
		4787A72A28192C1300248C63 /* Resources */ = {
			isa = PBXResourcesBuildPhase;
			buildActionMask = 2147483647;
			files = (
			);
			runOnlyForDeploymentPostprocessing = 0;
		};
/* End PBXResourcesBuildPhase section */

/* Begin PBXShellScriptBuildPhase section */
		7AF96C3B4140E9D91BEDB60D /* [CP] Check Pods Manifest.lock */ = {
			isa = PBXShellScriptBuildPhase;
			buildActionMask = 2147483647;
			files = (
			);
			inputFileListPaths = (
			);
			inputPaths = (
				"${PODS_PODFILE_DIR_PATH}/Podfile.lock",
				"${PODS_ROOT}/Manifest.lock",
			);
			name = "[CP] Check Pods Manifest.lock";
			outputFileListPaths = (
			);
			outputPaths = (
				"$(DERIVED_FILE_DIR)/Pods-Myanmar Song Book-Myanmar Song BookUITests-checkManifestLockResult.txt",
			);
			runOnlyForDeploymentPostprocessing = 0;
			shellPath = /bin/sh;
			shellScript = "diff \"${PODS_PODFILE_DIR_PATH}/Podfile.lock\" \"${PODS_ROOT}/Manifest.lock\" > /dev/null\nif [ $? != 0 ] ; then\n    # print error to STDERR\n    echo \"error: The sandbox is not in sync with the Podfile.lock. Run 'pod install' or update your CocoaPods installation.\" >&2\n    exit 1\nfi\n# This output is used by Xcode 'outputs' to avoid re-running this script phase.\necho \"SUCCESS\" > \"${SCRIPT_OUTPUT_FILE_0}\"\n";
			showEnvVarsInLog = 0;
		};
		8E3B30E98E6EC47C9ABC8BAE /* [CP] Check Pods Manifest.lock */ = {
			isa = PBXShellScriptBuildPhase;
			buildActionMask = 2147483647;
			files = (
			);
			inputFileListPaths = (
			);
			inputPaths = (
				"${PODS_PODFILE_DIR_PATH}/Podfile.lock",
				"${PODS_ROOT}/Manifest.lock",
			);
			name = "[CP] Check Pods Manifest.lock";
			outputFileListPaths = (
			);
			outputPaths = (
				"$(DERIVED_FILE_DIR)/Pods-Myanmar Song Book-checkManifestLockResult.txt",
			);
			runOnlyForDeploymentPostprocessing = 0;
			shellPath = /bin/sh;
			shellScript = "diff \"${PODS_PODFILE_DIR_PATH}/Podfile.lock\" \"${PODS_ROOT}/Manifest.lock\" > /dev/null\nif [ $? != 0 ] ; then\n    # print error to STDERR\n    echo \"error: The sandbox is not in sync with the Podfile.lock. Run 'pod install' or update your CocoaPods installation.\" >&2\n    exit 1\nfi\n# This output is used by Xcode 'outputs' to avoid re-running this script phase.\necho \"SUCCESS\" > \"${SCRIPT_OUTPUT_FILE_0}\"\n";
			showEnvVarsInLog = 0;
		};
		AB9D0C7A74A14B304E92B31F /* [CP] Embed Pods Frameworks */ = {
			isa = PBXShellScriptBuildPhase;
			buildActionMask = 2147483647;
			files = (
			);
			inputFileListPaths = (
				"${PODS_ROOT}/Target Support Files/Pods-Myanmar Song Book/Pods-Myanmar Song Book-frameworks-${CONFIGURATION}-input-files.xcfilelist",
			);
			name = "[CP] Embed Pods Frameworks";
			outputFileListPaths = (
				"${PODS_ROOT}/Target Support Files/Pods-Myanmar Song Book/Pods-Myanmar Song Book-frameworks-${CONFIGURATION}-output-files.xcfilelist",
			);
			runOnlyForDeploymentPostprocessing = 0;
			shellPath = /bin/sh;
			shellScript = "\"${PODS_ROOT}/Target Support Files/Pods-Myanmar Song Book/Pods-Myanmar Song Book-frameworks.sh\"\n";
			showEnvVarsInLog = 0;
		};
		E2039642C5D11334786F2268 /* [CP] Embed Pods Frameworks */ = {
			isa = PBXShellScriptBuildPhase;
			buildActionMask = 2147483647;
			files = (
			);
			inputFileListPaths = (
				"${PODS_ROOT}/Target Support Files/Pods-Myanmar Song Book-Myanmar Song BookUITests/Pods-Myanmar Song Book-Myanmar Song BookUITests-frameworks-${CONFIGURATION}-input-files.xcfilelist",
			);
			name = "[CP] Embed Pods Frameworks";
			outputFileListPaths = (
				"${PODS_ROOT}/Target Support Files/Pods-Myanmar Song Book-Myanmar Song BookUITests/Pods-Myanmar Song Book-Myanmar Song BookUITests-frameworks-${CONFIGURATION}-output-files.xcfilelist",
			);
			runOnlyForDeploymentPostprocessing = 0;
			shellPath = /bin/sh;
			shellScript = "\"${PODS_ROOT}/Target Support Files/Pods-Myanmar Song Book-Myanmar Song BookUITests/Pods-Myanmar Song Book-Myanmar Song BookUITests-frameworks.sh\"\n";
			showEnvVarsInLog = 0;
		};
		FAF8C49D1747B19DF60183D1 /* [CP] Check Pods Manifest.lock */ = {
			isa = PBXShellScriptBuildPhase;
			buildActionMask = 2147483647;
			files = (
			);
			inputFileListPaths = (
			);
			inputPaths = (
				"${PODS_PODFILE_DIR_PATH}/Podfile.lock",
				"${PODS_ROOT}/Manifest.lock",
			);
			name = "[CP] Check Pods Manifest.lock";
			outputFileListPaths = (
			);
			outputPaths = (
				"$(DERIVED_FILE_DIR)/Pods-Myanmar Song BookTests-checkManifestLockResult.txt",
			);
			runOnlyForDeploymentPostprocessing = 0;
			shellPath = /bin/sh;
			shellScript = "diff \"${PODS_PODFILE_DIR_PATH}/Podfile.lock\" \"${PODS_ROOT}/Manifest.lock\" > /dev/null\nif [ $? != 0 ] ; then\n    # print error to STDERR\n    echo \"error: The sandbox is not in sync with the Podfile.lock. Run 'pod install' or update your CocoaPods installation.\" >&2\n    exit 1\nfi\n# This output is used by Xcode 'outputs' to avoid re-running this script phase.\necho \"SUCCESS\" > \"${SCRIPT_OUTPUT_FILE_0}\"\n";
			showEnvVarsInLog = 0;
		};
/* End PBXShellScriptBuildPhase section */

/* Begin PBXSourcesBuildPhase section */
		4787A70928192C1100248C63 /* Sources */ = {
			isa = PBXSourcesBuildPhase;
			buildActionMask = 2147483647;
			files = (
				4787A7E02819623B00248C63 /* ArtistTextField.swift in Sources */,
				4787A79428192EC000248C63 /* Pdf.swift in Sources */,
				4785B2192820498A000D5CF0 /* +YSong.swift in Sources */,
				4787A7EC2819636E00248C63 /* Chord.swift in Sources */,
				4787A7D62819547400248C63 /* CreaterViewModel.swift in Sources */,
				4787A78B28192E3A00248C63 /* XColor.swift in Sources */,
				4787A76028192DC700248C63 /* PickerNavigationView.swift in Sources */,
				4787A7B328193BB600248C63 /* XScrollView.swift in Sources */,
				4787A7B1281939BD00248C63 /* XConstants.swift in Sources */,
				4787A7BF281948F000248C63 /* RemoteSearchViewModel.swift in Sources */,
				4746B7212827A02800A401D8 /* ViewerTextView.swift in Sources */,
				471FAE02281F1F3000900264 /* CGImagePropertyOrientation.swift in Sources */,
				47CF9EB92827D0C0001431CF /* SongListCell.swift in Sources */,
				4787A71A28192C1300248C63 /* Persistence.swift in Sources */,
				4787A78C28192E3A00248C63 /* XApp.swift in Sources */,
				4787A7AB281937BF00248C63 /* PickedItem.swift in Sources */,
				4787A76D28192DEF00248C63 /* ActivityView.swift in Sources */,
				4787A77A28192E1600248C63 /* TapToPushStyle.swift in Sources */,
				47CF9EC828283CCB001431CF /* SearchResult.swift in Sources */,
				4787A79628192EC000248C63 /* Html.swift in Sources */,
				47CF9E762827C0A7001431CF /* MainTabView.swift in Sources */,
				4787A75F28192DC700248C63 /* FormCell.swift in Sources */,
				471FAE01281F1F3000900264 /* CGPoint+Utils.swift in Sources */,
				4787A7CC281950FD00248C63 /* Authenticator.swift in Sources */,
				4787A7E72819626D00248C63 /* AutoCompleteTextField.swift in Sources */,
				47CF9EC628283B5E001431CF /* SavedSearchContentView.swift in Sources */,
				477D68552827443F00AAAB9F /* ComfirmButton.swift in Sources */,
				477BEACD281A6DB3005EA03E /* ViewerSessionView.swift in Sources */,
				4787A7AD281938FC00248C63 /* SingerTagsView.swift in Sources */,
				4746B71D28277D9A00A401D8 /* SongLineView.swift in Sources */,
				47CF9ECA28283EA0001431CF /* SearchResultCell.swift in Sources */,
				47CF9EBB2827E9BE001431CF /* AllSongs.swift in Sources */,
				4787A7E92819626D00248C63 /* ACTFLabel.swift in Sources */,
				4787A78E28192E9D00248C63 /* UserDefault.swift in Sources */,
				4787A7CE281951FE00248C63 /* AuthenticateSession.swift in Sources */,
				4787A78228192E1E00248C63 /* +View.swift in Sources */,
				47CF9E792827C103001431CF /* SettingsView.swift in Sources */,
				471FADFD281F1F3000900264 /* OcrImageView.swift in Sources */,
				4785B2122820357E000D5CF0 /* PlainSongParser.swift in Sources */,
				4785B21728203940000D5CF0 /* FormatIdentifier.swift in Sources */,
				4785B21028201076000D5CF0 /* SongParser.swift in Sources */,
				4787A7FB281968D900248C63 /* ChordInputCell.swift in Sources */,
				4785B20C281FFA84000D5CF0 /* XPicker.swift in Sources */,
				4787A7F8281968D900248C63 /* Extensions.swift in Sources */,
				4787A7DE2819602C00248C63 /* CreaterForm.swift in Sources */,
				4746B7232827A0DD00A401D8 /* ViewerAttributedTextView.swift in Sources */,
				4787A78128192E1E00248C63 /* +UITextView.swift in Sources */,
				471FADFE281F1F3000900264 /* OCRImageViewModel.swift in Sources */,
				471FAE08281F1F3000900264 /* Quadrilateral.swift in Sources */,
				4787A7F1281968A000248C63 /* XTag.swift in Sources */,
				4787A7A62819333B00248C63 /* Song.swift in Sources */,
				4785B214282035A9000D5CF0 /* GuitarChordCorrector.swift in Sources */,
				4787A79528192EC000248C63 /* AttributedString.swift in Sources */,
				4787A76628192DDD00248C63 /* DocumentPicker.swift in Sources */,
				471FADFF281F1F3000900264 /* ImageFilterer.swift in Sources */,
				471FAE03281F1F3000900264 /* CGAffineTransform+Utils.swift in Sources */,
				471FAE04281F1F3000900264 /* UIImage+Utils.swift in Sources */,
				471FAE05281F1F3000900264 /* QuadImageView.swift in Sources */,
				4787A7F9281968D900248C63 /* ChordsInputView.swift in Sources */,
				471FADE7281F0B7200900264 /* SongImporter.swift in Sources */,
				4787A75E28192DC700248C63 /* HtmlView.swift in Sources */,
				4787A7B528193D2E00248C63 /* XSectionView.swift in Sources */,
				4787A7EA2819626D00248C63 /* AutoCompleteData.swift in Sources */,
				4787A7B72819441E00248C63 /* GenreTagsView.swift in Sources */,
				476743CB281FD38E007DFCE1 /* ChordTagger.swift in Sources */,
				4787A7BD2819488800248C63 /* RemoteSearchableView.swift in Sources */,
				4787A77728192E1600248C63 /* TapToShowComfirmationDialog.swift in Sources */,
				4787A76128192DC700248C63 /* PdfView.swift in Sources */,
				4787A79F281930AD00248C63 /* HomeSession.swift in Sources */,
				4787A7E82819626D00248C63 /* ACTFProtocols.swift in Sources */,
				47CF9EBF2828346A001431CF /* SearchCell.swift in Sources */,
				4787A76828192DDD00248C63 /* ImagePicker.swift in Sources */,
				477BEACF281A6E5E005EA03E /* ViewerViewModel.swift in Sources */,
				4787A79728192EC000248C63 /* RegularExpression.swift in Sources */,
				47CF9E7C2827C30B001431CF /* SavedSongsView.swift in Sources */,
				4787A7B92819450500248C63 /* IconTagsView.swift in Sources */,
				471FAE0A281F1F6C00900264 /* ImageResizer.swift in Sources */,
				476743C1281F92E9007DFCE1 /* LyricError.swift in Sources */,
				471FADFC281F1F3000900264 /* TextRecognizer.swift in Sources */,
				4787A77128192E0800248C63 /* AutoWrap.swift in Sources */,
				4787A7DC28195AEE00248C63 /* AuthenticationChecker.swift in Sources */,
				471FAE06281F1F3000900264 /* EditScanCornerView.swift in Sources */,
				4787A7C328194DC300248C63 /* HomeSessionNavItemsView.swift in Sources */,
				47CF9EC228283B10001431CF /* SavedSearchableView.swift in Sources */,
				4787A78328192E1E00248C63 /* +String.swift in Sources */,
				4787A7FA281968D900248C63 /* ToolbarInputAccessory.swift in Sources */,
				476743C5281F97CA007DFCE1 /* CancelButton.swift in Sources */,
				4787A71128192C1100248C63 /* Myanmar_Song_BookApp.swift in Sources */,
				4787A78028192E1E00248C63 /* +ParagraphStyle.swift in Sources */,
				4787A7AF2819394000248C63 /* Singers.swift in Sources */,
				4787A78A28192E3A00248C63 /* XFont.swift in Sources */,
				4787A7C1281949FC00248C63 /* RemoteSearchContentView.swift in Sources */,
				4787A7A2281932DC00248C63 /* Genre.swift in Sources */,
				4787A7C628194EC500248C63 /* CreaterSessionView.swift in Sources */,
				4787A76C28192DEF00248C63 /* ActivityItem.swift in Sources */,
				47CF9ECD28284725001431CF /* ExplorerView.swift in Sources */,
				4787A7EF2819676100248C63 /* CreaterTextView.swift in Sources */,
				471FAE07281F1F3000900264 /* QuadrilateralView.swift in Sources */,
				4787A77828192E1600248C63 /* TapToPresentStyle.swift in Sources */,
				47CF9EC428283B34001431CF /* SavedSearchViewModel.swift in Sources */,
				4787A76728192DDD00248C63 /* DocumentScanner.swift in Sources */,
				476743C9281FB098007DFCE1 /* EmbeddingInNavigationView.swift in Sources */,
				4787A71D28192C1300248C63 /* Myanmar_Song_Book.xcdatamodeld in Sources */,
				4746B71B282775DD00A401D8 /* ChordTextView.swift in Sources */,
				4787A78928192E3A00248C63 /* XIcon.swift in Sources */,
			);
			runOnlyForDeploymentPostprocessing = 0;
		};
		4787A71E28192C1300248C63 /* Sources */ = {
			isa = PBXSourcesBuildPhase;
			buildActionMask = 2147483647;
			files = (
				4787A72728192C1300248C63 /* Myanmar_Song_BookTests.swift in Sources */,
			);
			runOnlyForDeploymentPostprocessing = 0;
		};
		4787A72828192C1300248C63 /* Sources */ = {
			isa = PBXSourcesBuildPhase;
			buildActionMask = 2147483647;
			files = (
				4787A73328192C1300248C63 /* Myanmar_Song_BookUITestsLaunchTests.swift in Sources */,
				4787A73128192C1300248C63 /* Myanmar_Song_BookUITests.swift in Sources */,
			);
			runOnlyForDeploymentPostprocessing = 0;
		};
/* End PBXSourcesBuildPhase section */

/* Begin PBXTargetDependency section */
		4787A72428192C1300248C63 /* PBXTargetDependency */ = {
			isa = PBXTargetDependency;
			target = 4787A70C28192C1100248C63 /* Myanmar Song Book */;
			targetProxy = 4787A72328192C1300248C63 /* PBXContainerItemProxy */;
		};
		4787A72E28192C1300248C63 /* PBXTargetDependency */ = {
			isa = PBXTargetDependency;
			target = 4787A70C28192C1100248C63 /* Myanmar Song Book */;
			targetProxy = 4787A72D28192C1300248C63 /* PBXContainerItemProxy */;
		};
/* End PBXTargetDependency section */

/* Begin XCBuildConfiguration section */
		4787A73428192C1300248C63 /* Debug */ = {
			isa = XCBuildConfiguration;
			buildSettings = {
				ALWAYS_SEARCH_USER_PATHS = NO;
				CLANG_ANALYZER_NONNULL = YES;
				CLANG_ANALYZER_NUMBER_OBJECT_CONVERSION = YES_AGGRESSIVE;
				CLANG_CXX_LANGUAGE_STANDARD = "gnu++17";
				CLANG_ENABLE_MODULES = YES;
				CLANG_ENABLE_OBJC_ARC = YES;
				CLANG_ENABLE_OBJC_WEAK = YES;
				CLANG_WARN_BLOCK_CAPTURE_AUTORELEASING = YES;
				CLANG_WARN_BOOL_CONVERSION = YES;
				CLANG_WARN_COMMA = YES;
				CLANG_WARN_CONSTANT_CONVERSION = YES;
				CLANG_WARN_DEPRECATED_OBJC_IMPLEMENTATIONS = YES;
				CLANG_WARN_DIRECT_OBJC_ISA_USAGE = YES_ERROR;
				CLANG_WARN_DOCUMENTATION_COMMENTS = YES;
				CLANG_WARN_EMPTY_BODY = YES;
				CLANG_WARN_ENUM_CONVERSION = YES;
				CLANG_WARN_INFINITE_RECURSION = YES;
				CLANG_WARN_INT_CONVERSION = YES;
				CLANG_WARN_NON_LITERAL_NULL_CONVERSION = YES;
				CLANG_WARN_OBJC_IMPLICIT_RETAIN_SELF = YES;
				CLANG_WARN_OBJC_LITERAL_CONVERSION = YES;
				CLANG_WARN_OBJC_ROOT_CLASS = YES_ERROR;
				CLANG_WARN_QUOTED_INCLUDE_IN_FRAMEWORK_HEADER = YES;
				CLANG_WARN_RANGE_LOOP_ANALYSIS = YES;
				CLANG_WARN_STRICT_PROTOTYPES = YES;
				CLANG_WARN_SUSPICIOUS_MOVE = YES;
				CLANG_WARN_UNGUARDED_AVAILABILITY = YES_AGGRESSIVE;
				CLANG_WARN_UNREACHABLE_CODE = YES;
				CLANG_WARN__DUPLICATE_METHOD_MATCH = YES;
				COPY_PHASE_STRIP = NO;
				DEBUG_INFORMATION_FORMAT = dwarf;
				ENABLE_STRICT_OBJC_MSGSEND = YES;
				ENABLE_TESTABILITY = YES;
				GCC_C_LANGUAGE_STANDARD = gnu11;
				GCC_DYNAMIC_NO_PIC = NO;
				GCC_NO_COMMON_BLOCKS = YES;
				GCC_OPTIMIZATION_LEVEL = 0;
				GCC_PREPROCESSOR_DEFINITIONS = (
					"DEBUG=1",
					"$(inherited)",
				);
				GCC_WARN_64_TO_32_BIT_CONVERSION = YES;
				GCC_WARN_ABOUT_RETURN_TYPE = YES_ERROR;
				GCC_WARN_UNDECLARED_SELECTOR = YES;
				GCC_WARN_UNINITIALIZED_AUTOS = YES_AGGRESSIVE;
				GCC_WARN_UNUSED_FUNCTION = YES;
				GCC_WARN_UNUSED_VARIABLE = YES;
				IPHONEOS_DEPLOYMENT_TARGET = 15.4;
				MTL_ENABLE_DEBUG_INFO = INCLUDE_SOURCE;
				MTL_FAST_MATH = YES;
				ONLY_ACTIVE_ARCH = YES;
				SDKROOT = iphoneos;
				SWIFT_ACTIVE_COMPILATION_CONDITIONS = DEBUG;
				SWIFT_OPTIMIZATION_LEVEL = "-Onone";
			};
			name = Debug;
		};
		4787A73528192C1300248C63 /* Release */ = {
			isa = XCBuildConfiguration;
			buildSettings = {
				ALWAYS_SEARCH_USER_PATHS = NO;
				CLANG_ANALYZER_NONNULL = YES;
				CLANG_ANALYZER_NUMBER_OBJECT_CONVERSION = YES_AGGRESSIVE;
				CLANG_CXX_LANGUAGE_STANDARD = "gnu++17";
				CLANG_ENABLE_MODULES = YES;
				CLANG_ENABLE_OBJC_ARC = YES;
				CLANG_ENABLE_OBJC_WEAK = YES;
				CLANG_WARN_BLOCK_CAPTURE_AUTORELEASING = YES;
				CLANG_WARN_BOOL_CONVERSION = YES;
				CLANG_WARN_COMMA = YES;
				CLANG_WARN_CONSTANT_CONVERSION = YES;
				CLANG_WARN_DEPRECATED_OBJC_IMPLEMENTATIONS = YES;
				CLANG_WARN_DIRECT_OBJC_ISA_USAGE = YES_ERROR;
				CLANG_WARN_DOCUMENTATION_COMMENTS = YES;
				CLANG_WARN_EMPTY_BODY = YES;
				CLANG_WARN_ENUM_CONVERSION = YES;
				CLANG_WARN_INFINITE_RECURSION = YES;
				CLANG_WARN_INT_CONVERSION = YES;
				CLANG_WARN_NON_LITERAL_NULL_CONVERSION = YES;
				CLANG_WARN_OBJC_IMPLICIT_RETAIN_SELF = YES;
				CLANG_WARN_OBJC_LITERAL_CONVERSION = YES;
				CLANG_WARN_OBJC_ROOT_CLASS = YES_ERROR;
				CLANG_WARN_QUOTED_INCLUDE_IN_FRAMEWORK_HEADER = YES;
				CLANG_WARN_RANGE_LOOP_ANALYSIS = YES;
				CLANG_WARN_STRICT_PROTOTYPES = YES;
				CLANG_WARN_SUSPICIOUS_MOVE = YES;
				CLANG_WARN_UNGUARDED_AVAILABILITY = YES_AGGRESSIVE;
				CLANG_WARN_UNREACHABLE_CODE = YES;
				CLANG_WARN__DUPLICATE_METHOD_MATCH = YES;
				COPY_PHASE_STRIP = NO;
				DEBUG_INFORMATION_FORMAT = "dwarf-with-dsym";
				ENABLE_NS_ASSERTIONS = NO;
				ENABLE_STRICT_OBJC_MSGSEND = YES;
				GCC_C_LANGUAGE_STANDARD = gnu11;
				GCC_NO_COMMON_BLOCKS = YES;
				GCC_WARN_64_TO_32_BIT_CONVERSION = YES;
				GCC_WARN_ABOUT_RETURN_TYPE = YES_ERROR;
				GCC_WARN_UNDECLARED_SELECTOR = YES;
				GCC_WARN_UNINITIALIZED_AUTOS = YES_AGGRESSIVE;
				GCC_WARN_UNUSED_FUNCTION = YES;
				GCC_WARN_UNUSED_VARIABLE = YES;
				IPHONEOS_DEPLOYMENT_TARGET = 15.4;
				MTL_ENABLE_DEBUG_INFO = NO;
				MTL_FAST_MATH = YES;
				SDKROOT = iphoneos;
				SWIFT_COMPILATION_MODE = wholemodule;
				SWIFT_OPTIMIZATION_LEVEL = "-O";
				VALIDATE_PRODUCT = YES;
			};
			name = Release;
		};
		4787A73728192C1300248C63 /* Debug */ = {
			isa = XCBuildConfiguration;
			baseConfigurationReference = A56A1EC9F97763D9ADA2D568 /* Pods-Myanmar Song Book.debug.xcconfig */;
			buildSettings = {
				ASSETCATALOG_COMPILER_APPICON_NAME = AppIcon;
				ASSETCATALOG_COMPILER_GLOBAL_ACCENT_COLOR_NAME = AccentColor;
				CODE_SIGN_STYLE = Automatic;
				CURRENT_PROJECT_VERSION = 1;
				DEVELOPMENT_ASSET_PATHS = "\"Myanmar Song Book/Preview Content\"";
				DEVELOPMENT_TEAM = HJ9L53D9PB;
				ENABLE_PREVIEWS = YES;
				GENERATE_INFOPLIST_FILE = YES;
				INFOPLIST_FILE = "Myanmar-Song-Book-Info.plist";
				INFOPLIST_KEY_NSCameraUsageDescription = "TO DO";
				INFOPLIST_KEY_NSDocumentsFolderUsageDescription = "TO DO";
				INFOPLIST_KEY_NSPhotoLibraryUsageDescription = "TO DO";
				INFOPLIST_KEY_UIApplicationSceneManifest_Generation = YES;
				INFOPLIST_KEY_UIApplicationSupportsIndirectInputEvents = YES;
				INFOPLIST_KEY_UILaunchScreen_Generation = YES;
				INFOPLIST_KEY_UISupportedInterfaceOrientations_iPad = "UIInterfaceOrientationPortrait UIInterfaceOrientationPortraitUpsideDown UIInterfaceOrientationLandscapeLeft UIInterfaceOrientationLandscapeRight";
				INFOPLIST_KEY_UISupportedInterfaceOrientations_iPhone = "UIInterfaceOrientationPortrait UIInterfaceOrientationLandscapeLeft UIInterfaceOrientationLandscapeRight";
				LD_RUNPATH_SEARCH_PATHS = (
					"$(inherited)",
					"@executable_path/Frameworks",
				);
				MARKETING_VERSION = 1.0;
				PRODUCT_BUNDLE_IDENTIFIER = "com.jonahaung.Myanmar-Song-Book";
				PRODUCT_NAME = "$(TARGET_NAME)";
				SWIFT_EMIT_LOC_STRINGS = YES;
				SWIFT_VERSION = 5.0;
				TARGETED_DEVICE_FAMILY = "1,2";
			};
			name = Debug;
		};
		4787A73828192C1300248C63 /* Release */ = {
			isa = XCBuildConfiguration;
			baseConfigurationReference = 50824E835743AF3EB68A6A34 /* Pods-Myanmar Song Book.release.xcconfig */;
			buildSettings = {
				ASSETCATALOG_COMPILER_APPICON_NAME = AppIcon;
				ASSETCATALOG_COMPILER_GLOBAL_ACCENT_COLOR_NAME = AccentColor;
				CODE_SIGN_STYLE = Automatic;
				CURRENT_PROJECT_VERSION = 1;
				DEVELOPMENT_ASSET_PATHS = "\"Myanmar Song Book/Preview Content\"";
				DEVELOPMENT_TEAM = HJ9L53D9PB;
				ENABLE_PREVIEWS = YES;
				GENERATE_INFOPLIST_FILE = YES;
				INFOPLIST_FILE = "Myanmar-Song-Book-Info.plist";
				INFOPLIST_KEY_NSCameraUsageDescription = "TO DO";
				INFOPLIST_KEY_NSDocumentsFolderUsageDescription = "TO DO";
				INFOPLIST_KEY_NSPhotoLibraryUsageDescription = "TO DO";
				INFOPLIST_KEY_UIApplicationSceneManifest_Generation = YES;
				INFOPLIST_KEY_UIApplicationSupportsIndirectInputEvents = YES;
				INFOPLIST_KEY_UILaunchScreen_Generation = YES;
				INFOPLIST_KEY_UISupportedInterfaceOrientations_iPad = "UIInterfaceOrientationPortrait UIInterfaceOrientationPortraitUpsideDown UIInterfaceOrientationLandscapeLeft UIInterfaceOrientationLandscapeRight";
				INFOPLIST_KEY_UISupportedInterfaceOrientations_iPhone = "UIInterfaceOrientationPortrait UIInterfaceOrientationLandscapeLeft UIInterfaceOrientationLandscapeRight";
				LD_RUNPATH_SEARCH_PATHS = (
					"$(inherited)",
					"@executable_path/Frameworks",
				);
				MARKETING_VERSION = 1.0;
				PRODUCT_BUNDLE_IDENTIFIER = "com.jonahaung.Myanmar-Song-Book";
				PRODUCT_NAME = "$(TARGET_NAME)";
				SWIFT_EMIT_LOC_STRINGS = YES;
				SWIFT_VERSION = 5.0;
				TARGETED_DEVICE_FAMILY = "1,2";
			};
			name = Release;
		};
		4787A73A28192C1300248C63 /* Debug */ = {
			isa = XCBuildConfiguration;
			baseConfigurationReference = 79587C8046C3647F823C7B54 /* Pods-Myanmar Song BookTests.debug.xcconfig */;
			buildSettings = {
				ALWAYS_EMBED_SWIFT_STANDARD_LIBRARIES = YES;
				BUNDLE_LOADER = "$(TEST_HOST)";
				CODE_SIGN_STYLE = Automatic;
				CURRENT_PROJECT_VERSION = 1;
				DEVELOPMENT_TEAM = YYK4329T78;
				GENERATE_INFOPLIST_FILE = YES;
				IPHONEOS_DEPLOYMENT_TARGET = 15.4;
				MARKETING_VERSION = 1.0;
				PRODUCT_BUNDLE_IDENTIFIER = "com.jonahaung.Myanmar-Song-BookTests";
				PRODUCT_NAME = "$(TARGET_NAME)";
				SWIFT_EMIT_LOC_STRINGS = NO;
				SWIFT_VERSION = 5.0;
				TARGETED_DEVICE_FAMILY = "1,2";
				TEST_HOST = "$(BUILT_PRODUCTS_DIR)/Myanmar Song Book.app/Myanmar Song Book";
			};
			name = Debug;
		};
		4787A73B28192C1300248C63 /* Release */ = {
			isa = XCBuildConfiguration;
			baseConfigurationReference = 4824ACFF8FA1E076AD18848B /* Pods-Myanmar Song BookTests.release.xcconfig */;
			buildSettings = {
				ALWAYS_EMBED_SWIFT_STANDARD_LIBRARIES = YES;
				BUNDLE_LOADER = "$(TEST_HOST)";
				CODE_SIGN_STYLE = Automatic;
				CURRENT_PROJECT_VERSION = 1;
				DEVELOPMENT_TEAM = YYK4329T78;
				GENERATE_INFOPLIST_FILE = YES;
				IPHONEOS_DEPLOYMENT_TARGET = 15.4;
				MARKETING_VERSION = 1.0;
				PRODUCT_BUNDLE_IDENTIFIER = "com.jonahaung.Myanmar-Song-BookTests";
				PRODUCT_NAME = "$(TARGET_NAME)";
				SWIFT_EMIT_LOC_STRINGS = NO;
				SWIFT_VERSION = 5.0;
				TARGETED_DEVICE_FAMILY = "1,2";
				TEST_HOST = "$(BUILT_PRODUCTS_DIR)/Myanmar Song Book.app/Myanmar Song Book";
			};
			name = Release;
		};
		4787A73D28192C1300248C63 /* Debug */ = {
			isa = XCBuildConfiguration;
			baseConfigurationReference = D644260E9ACA5773D8A1FEE0 /* Pods-Myanmar Song Book-Myanmar Song BookUITests.debug.xcconfig */;
			buildSettings = {
				ALWAYS_EMBED_SWIFT_STANDARD_LIBRARIES = YES;
				CODE_SIGN_STYLE = Automatic;
				CURRENT_PROJECT_VERSION = 1;
				DEVELOPMENT_TEAM = YYK4329T78;
				GENERATE_INFOPLIST_FILE = YES;
				MARKETING_VERSION = 1.0;
				PRODUCT_BUNDLE_IDENTIFIER = "com.jonahaung.Myanmar-Song-BookUITests";
				PRODUCT_NAME = "$(TARGET_NAME)";
				SWIFT_EMIT_LOC_STRINGS = NO;
				SWIFT_VERSION = 5.0;
				TARGETED_DEVICE_FAMILY = "1,2";
				TEST_TARGET_NAME = "Myanmar Song Book";
			};
			name = Debug;
		};
		4787A73E28192C1300248C63 /* Release */ = {
			isa = XCBuildConfiguration;
			baseConfigurationReference = 46F9EBF2D78F8B264458F083 /* Pods-Myanmar Song Book-Myanmar Song BookUITests.release.xcconfig */;
			buildSettings = {
				ALWAYS_EMBED_SWIFT_STANDARD_LIBRARIES = YES;
				CODE_SIGN_STYLE = Automatic;
				CURRENT_PROJECT_VERSION = 1;
				DEVELOPMENT_TEAM = YYK4329T78;
				GENERATE_INFOPLIST_FILE = YES;
				MARKETING_VERSION = 1.0;
				PRODUCT_BUNDLE_IDENTIFIER = "com.jonahaung.Myanmar-Song-BookUITests";
				PRODUCT_NAME = "$(TARGET_NAME)";
				SWIFT_EMIT_LOC_STRINGS = NO;
				SWIFT_VERSION = 5.0;
				TARGETED_DEVICE_FAMILY = "1,2";
				TEST_TARGET_NAME = "Myanmar Song Book";
			};
			name = Release;
		};
/* End XCBuildConfiguration section */

/* Begin XCConfigurationList section */
		4787A70828192C1100248C63 /* Build configuration list for PBXProject "Myanmar Song Book" */ = {
			isa = XCConfigurationList;
			buildConfigurations = (
				4787A73428192C1300248C63 /* Debug */,
				4787A73528192C1300248C63 /* Release */,
			);
			defaultConfigurationIsVisible = 0;
			defaultConfigurationName = Release;
		};
		4787A73628192C1300248C63 /* Build configuration list for PBXNativeTarget "Myanmar Song Book" */ = {
			isa = XCConfigurationList;
			buildConfigurations = (
				4787A73728192C1300248C63 /* Debug */,
				4787A73828192C1300248C63 /* Release */,
			);
			defaultConfigurationIsVisible = 0;
			defaultConfigurationName = Release;
		};
		4787A73928192C1300248C63 /* Build configuration list for PBXNativeTarget "Myanmar Song BookTests" */ = {
			isa = XCConfigurationList;
			buildConfigurations = (
				4787A73A28192C1300248C63 /* Debug */,
				4787A73B28192C1300248C63 /* Release */,
			);
			defaultConfigurationIsVisible = 0;
			defaultConfigurationName = Release;
		};
		4787A73C28192C1300248C63 /* Build configuration list for PBXNativeTarget "Myanmar Song BookUITests" */ = {
			isa = XCConfigurationList;
			buildConfigurations = (
				4787A73D28192C1300248C63 /* Debug */,
				4787A73E28192C1300248C63 /* Release */,
			);
			defaultConfigurationIsVisible = 0;
			defaultConfigurationName = Release;
		};
/* End XCConfigurationList section */

/* Begin XCRemoteSwiftPackageReference section */
		4785B208281FF831000D5CF0 /* XCRemoteSwiftPackageReference "AnyPicker" */ = {
			isa = XCRemoteSwiftPackageReference;
			repositoryURL = "https://github.com/jonahaung/AnyPicker";
			requirement = {
				branch = main;
				kind = branch;
			};
		};
		4787A7A7281935DD00248C63 /* XCRemoteSwiftPackageReference "MySpellCorrect" */ = {
			isa = XCRemoteSwiftPackageReference;
			repositoryURL = "https://github.com/jonahaung/MySpellCorrect";
			requirement = {
				branch = main;
				kind = branch;
			};
		};
/* End XCRemoteSwiftPackageReference section */

/* Begin XCSwiftPackageProductDependency section */
		4785B209281FF831000D5CF0 /* AnyPicker */ = {
			isa = XCSwiftPackageProductDependency;
			package = 4785B208281FF831000D5CF0 /* XCRemoteSwiftPackageReference "AnyPicker" */;
			productName = AnyPicker;
		};
		4787A7A8281935DD00248C63 /* MySpellCorrect */ = {
			isa = XCSwiftPackageProductDependency;
			package = 4787A7A7281935DD00248C63 /* XCRemoteSwiftPackageReference "MySpellCorrect" */;
			productName = MySpellCorrect;
		};
/* End XCSwiftPackageProductDependency section */

/* Begin XCVersionGroup section */
		4787A71B28192C1300248C63 /* Myanmar_Song_Book.xcdatamodeld */ = {
			isa = XCVersionGroup;
			children = (
				4787A71C28192C1300248C63 /* Myanmar_Song_Book.xcdatamodel */,
			);
			currentVersion = 4787A71C28192C1300248C63 /* Myanmar_Song_Book.xcdatamodel */;
			path = Myanmar_Song_Book.xcdatamodeld;
			sourceTree = "<group>";
			versionGroupType = wrapper.xcdatamodel;
		};
/* End XCVersionGroup section */
	};
	rootObject = 4787A70528192C1100248C63 /* Project object */;
}
